
Microsoft Visual Studio Solution File, Format Version 12.00
# Visual Studio Version 17
VisualStudioVersion = 17.0.31903.59
MinimumVisualStudioVersion = 10.0.40219.1
Project("{2150E333-8FDC-42A3-9474-1A3956D46DE8}") = "Tests", "Tests", "{918F6ECA-9663-4A56-BD86-F1786B173A39}"
EndProject
Project("{2150E333-8FDC-42A3-9474-1A3956D46DE8}") = "02. Samplesv2", "02. Samplesv2", "{84E2069D-C129-4FFC-8CC4-FFAEE395BC2A}"
EndProject
Project("{2150E333-8FDC-42A3-9474-1A3956D46DE8}") = "01. Wpf", "01. Wpf", "{172F1450-3593-484F-9A4F-303C58367589}"
EndProject
Project("{9A19103F-16F7-4668-BE54-9A1E7A4F7556}") = "EasySample500v2", "Samplesv2\01. wpf\EasySample500v2\EasySample500v2.csproj", "{037AFC1A-A3E2-40C8-8C3C-C85F56FD7D84}"
EndProject
Project("{2150E333-8FDC-42A3-9474-1A3956D46DE8}") = "03. Aspnet Blazor", "03. Aspnet Blazor", "{7CFE9FA0-1247-444C-B54F-46FB73C0B3FD}"
EndProject
Project("{2150E333-8FDC-42A3-9474-1A3956D46DE8}") = "02. Aspnet", "02. Aspnet", "{32D7973C-2C85-4A77-ABDF-92DD594C7FED}"
EndProject
Project("{9A19103F-16F7-4668-BE54-9A1E7A4F7556}") = "WebApplication1.Server", "Samplesv2\02. Aspnet\WebApplication1\Server\WebApplication1.Server.csproj", "{21B7C4AE-FBBB-4B21-90A5-4492B1077C43}"
EndProject
Project("{9A19103F-16F7-4668-BE54-9A1E7A4F7556}") = "WebApplication1.Client", "Samplesv2\02. Aspnet\WebApplication1\Client\WebApplication1.Client.csproj", "{57C3088E-6E55-4F62-9659-C5090AD79F30}"
EndProject
Project("{9A19103F-16F7-4668-BE54-9A1E7A4F7556}") = "WebApplication1.Shared", "Samplesv2\02. Aspnet\WebApplication1\Shared\WebApplication1.Shared.csproj", "{A6A3B1AA-406A-4C65-A8E0-5B9DC8A0A81A}"
EndProject
Project("{2150E333-8FDC-42A3-9474-1A3956D46DE8}") = "Solution Items", "Solution Items", "{0E084CA0-E8DE-49F1-826D-1E51C8399EB2}"
	ProjectSection(SolutionItems) = preProject
		.filenesting.json = .filenesting.json
	EndProjectSection
EndProject
Project("{2150E333-8FDC-42A3-9474-1A3956D46DE8}") = "_ext", "_ext", "{1DBBED92-BD24-4C18-B63F-E699E95FB2AA}"
EndProject
Project("{9A19103F-16F7-4668-BE54-9A1E7A4F7556}") = "EasySample600v2", "Samplesv2\01. Wpf\EasySample600v2\EasySample600v2.csproj", "{F13DD8B1-69FD-4372-966D-F6C5BC4148BA}"
EndProject
Project("{2150E333-8FDC-42A3-9474-1A3956D46DE8}") = "_logstring", "_logstring", "{9C92F38F-7DB3-48B9-BAE0-73BDB8399F4E}"
EndProject
Project("{2150E333-8FDC-42A3-9474-1A3956D46DE8}") = "Tools", "Tools", "{95B68FFB-F70F-45A3-8145-BB327588D1B9}"
EndProject
Project("{2150E333-8FDC-42A3-9474-1A3956D46DE8}") = "03. Samplesv3", "03. Samplesv3", "{BE7E4AE3-AD84-422B-81C9-18331534317D}"
EndProject
Project("{2150E333-8FDC-42A3-9474-1A3956D46DE8}") = "01. Wpf", "01. Wpf", "{4692CB51-7197-4611-8609-2FFB0A842B6C}"
EndProject
Project("{9A19103F-16F7-4668-BE54-9A1E7A4F7556}") = "EasySample600v3", "Samplesv3\01. wpf\EasySample600v3\EasySample600v3.csproj", "{30F520F4-71CC-4209-BA0F-0E058D81A5D1}"
EndProject
Project("{2150E333-8FDC-42A3-9474-1A3956D46DE8}") = "00. Console", "00. Console", "{8ACECA17-F49A-47D3-8A1B-68BC2B0C9687}"
EndProject
Project("{2150E333-8FDC-42A3-9474-1A3956D46DE8}") = "00. Linqpad", "00. Linqpad", "{90518A07-C4AF-439B-AFF6-E6B5D5628D5C}"
EndProject
Project("{9A19103F-16F7-4668-BE54-9A1E7A4F7556}") = "Common.Diagnostics", "..\telemetry\Common.Diagnostics\Common.Diagnostics.csproj", "{123CE64D-C4F8-47D8-9376-F57DA7B840BF}"
EndProject
Project("{9A19103F-16F7-4668-BE54-9A1E7A4F7556}") = "Common.Diagnostics.Logstrings.Azure", "..\telemetry\Common.Diagnostics.Logstrings.Azure\Common.Diagnostics.Logstrings.Azure.csproj", "{3560D6FD-E03C-4582-8419-2D9ECD568336}"
EndProject
Project("{9A19103F-16F7-4668-BE54-9A1E7A4F7556}") = "Common.Diagnostics.Logstrings.Identity", "..\telemetry\Common.Diagnostics.Logstrings.Identity\Common.Diagnostics.Logstrings.Identity.csproj", "{2899245B-7A74-40A8-9441-A8CD6A887633}"
EndProject
Project("{9A19103F-16F7-4668-BE54-9A1E7A4F7556}") = "Common.Diagnostics.Logstrings.Wpf", "..\telemetry\Common.Diagnostics.Logstrings.Wpf\Common.Diagnostics.Logstrings.Wpf.csproj", "{55A783EC-BAC5-4E2E-99B9-80CD8DA8B8C5}"
EndProject
Project("{9A19103F-16F7-4668-BE54-9A1E7A4F7556}") = "Diginsight.Core", "..\telemetry\Diginsight.Core\Diginsight.Core.csproj", "{00FC4E01-1188-465C-BE5D-CC7B0F322CD0}"
EndProject
Project("{9A19103F-16F7-4668-BE54-9A1E7A4F7556}") = "Diginsight.AspNetCore", "..\telemetry\Diginsight.AspNetCore\Diginsight.AspNetCore.csproj", "{D15F833B-C6B1-4D53-B488-70644DC5FD6F}"
EndProject
Project("{9A19103F-16F7-4668-BE54-9A1E7A4F7556}") = "Diginsight.Diagnostics", "..\telemetry\Diginsight.Diagnostics\Diginsight.Diagnostics.csproj", "{FFB2D1EA-0F80-44FB-A6A4-8B79B06EEBD7}"
EndProject
Project("{9A19103F-16F7-4668-BE54-9A1E7A4F7556}") = "Diginsight.Diagnostics.Log4Net", "..\telemetry\Diginsight.Diagnostics.Log4Net\Diginsight.Diagnostics.Log4Net.csproj", "{AFC27BB9-D3E2-4BF9-B619-9B18D31C5022}"
EndProject
Project("{9A19103F-16F7-4668-BE54-9A1E7A4F7556}") = "Diginsight.SmartCache", "..\telemetry\Diginsight.SmartCache\Diginsight.SmartCache.csproj", "{2EC7D735-F2AF-48B7-9C60-722993872EC4}"
EndProject
Project("{9A19103F-16F7-4668-BE54-9A1E7A4F7556}") = "SampleConsoleApp", "Samplesv3\00. Console\SampleConsoleApp\SampleConsoleApp.csproj", "{CC098EAF-8CF1-444A-B20F-0AE70022AC06}"
EndProject
Project("{2150E333-8FDC-42A3-9474-1A3956D46DE8}") = "02. WebAPI", "02. WebAPI", "{54DF4A3B-D9D6-4480-8B2F-306AAB5CE1B3}"
EndProject
Global
	GlobalSection(SolutionConfigurationPlatforms) = preSolution
		Debug|Any CPU = Debug|Any CPU
		DebugWithProjectReferences|Any CPU = DebugWithProjectReferences|Any CPU
		Release|Any CPU = Release|Any CPU
	EndGlobalSection
	GlobalSection(ProjectConfigurationPlatforms) = postSolution
		{037AFC1A-A3E2-40C8-8C3C-C85F56FD7D84}.Debug|Any CPU.ActiveCfg = Debug|Any CPU
		{037AFC1A-A3E2-40C8-8C3C-C85F56FD7D84}.Debug|Any CPU.Build.0 = Debug|Any CPU
		{037AFC1A-A3E2-40C8-8C3C-C85F56FD7D84}.DebugWithProjectReferences|Any CPU.ActiveCfg = Debug|Any CPU
		{037AFC1A-A3E2-40C8-8C3C-C85F56FD7D84}.DebugWithProjectReferences|Any CPU.Build.0 = Debug|Any CPU
		{037AFC1A-A3E2-40C8-8C3C-C85F56FD7D84}.Release|Any CPU.ActiveCfg = Release|Any CPU
		{037AFC1A-A3E2-40C8-8C3C-C85F56FD7D84}.Release|Any CPU.Build.0 = Release|Any CPU
		{21B7C4AE-FBBB-4B21-90A5-4492B1077C43}.Debug|Any CPU.ActiveCfg = Debug|Any CPU
		{21B7C4AE-FBBB-4B21-90A5-4492B1077C43}.Debug|Any CPU.Build.0 = Debug|Any CPU
		{21B7C4AE-FBBB-4B21-90A5-4492B1077C43}.DebugWithProjectReferences|Any CPU.ActiveCfg = Debug|Any CPU
		{21B7C4AE-FBBB-4B21-90A5-4492B1077C43}.DebugWithProjectReferences|Any CPU.Build.0 = Debug|Any CPU
		{21B7C4AE-FBBB-4B21-90A5-4492B1077C43}.Release|Any CPU.ActiveCfg = Release|Any CPU
		{21B7C4AE-FBBB-4B21-90A5-4492B1077C43}.Release|Any CPU.Build.0 = Release|Any CPU
		{57C3088E-6E55-4F62-9659-C5090AD79F30}.Debug|Any CPU.ActiveCfg = Debug|Any CPU
		{57C3088E-6E55-4F62-9659-C5090AD79F30}.Debug|Any CPU.Build.0 = Debug|Any CPU
		{57C3088E-6E55-4F62-9659-C5090AD79F30}.DebugWithProjectReferences|Any CPU.ActiveCfg = Debug|Any CPU
		{57C3088E-6E55-4F62-9659-C5090AD79F30}.DebugWithProjectReferences|Any CPU.Build.0 = Debug|Any CPU
		{57C3088E-6E55-4F62-9659-C5090AD79F30}.Release|Any CPU.ActiveCfg = Release|Any CPU
		{57C3088E-6E55-4F62-9659-C5090AD79F30}.Release|Any CPU.Build.0 = Release|Any CPU
		{A6A3B1AA-406A-4C65-A8E0-5B9DC8A0A81A}.Debug|Any CPU.ActiveCfg = Debug|Any CPU
		{A6A3B1AA-406A-4C65-A8E0-5B9DC8A0A81A}.Debug|Any CPU.Build.0 = Debug|Any CPU
		{A6A3B1AA-406A-4C65-A8E0-5B9DC8A0A81A}.DebugWithProjectReferences|Any CPU.ActiveCfg = Debug|Any CPU
		{A6A3B1AA-406A-4C65-A8E0-5B9DC8A0A81A}.DebugWithProjectReferences|Any CPU.Build.0 = Debug|Any CPU
		{A6A3B1AA-406A-4C65-A8E0-5B9DC8A0A81A}.Release|Any CPU.ActiveCfg = Release|Any CPU
		{A6A3B1AA-406A-4C65-A8E0-5B9DC8A0A81A}.Release|Any CPU.Build.0 = Release|Any CPU
		{F13DD8B1-69FD-4372-966D-F6C5BC4148BA}.Debug|Any CPU.ActiveCfg = Debug|Any CPU
		{F13DD8B1-69FD-4372-966D-F6C5BC4148BA}.Debug|Any CPU.Build.0 = Debug|Any CPU
		{F13DD8B1-69FD-4372-966D-F6C5BC4148BA}.DebugWithProjectReferences|Any CPU.ActiveCfg = Debug|Any CPU
		{F13DD8B1-69FD-4372-966D-F6C5BC4148BA}.DebugWithProjectReferences|Any CPU.Build.0 = Debug|Any CPU
		{F13DD8B1-69FD-4372-966D-F6C5BC4148BA}.Release|Any CPU.ActiveCfg = Release|Any CPU
		{F13DD8B1-69FD-4372-966D-F6C5BC4148BA}.Release|Any CPU.Build.0 = Release|Any CPU
		{30F520F4-71CC-4209-BA0F-0E058D81A5D1}.Debug|Any CPU.ActiveCfg = Debug|Any CPU
		{30F520F4-71CC-4209-BA0F-0E058D81A5D1}.Debug|Any CPU.Build.0 = Debug|Any CPU
		{30F520F4-71CC-4209-BA0F-0E058D81A5D1}.DebugWithProjectReferences|Any CPU.ActiveCfg = Debug|Any CPU
		{30F520F4-71CC-4209-BA0F-0E058D81A5D1}.DebugWithProjectReferences|Any CPU.Build.0 = Debug|Any CPU
		{30F520F4-71CC-4209-BA0F-0E058D81A5D1}.Release|Any CPU.ActiveCfg = Release|Any CPU
		{30F520F4-71CC-4209-BA0F-0E058D81A5D1}.Release|Any CPU.Build.0 = Release|Any CPU
		{123CE64D-C4F8-47D8-9376-F57DA7B840BF}.Debug|Any CPU.ActiveCfg = Debug|Any CPU
		{123CE64D-C4F8-47D8-9376-F57DA7B840BF}.Debug|Any CPU.Build.0 = Debug|Any CPU
		{123CE64D-C4F8-47D8-9376-F57DA7B840BF}.DebugWithProjectReferences|Any CPU.ActiveCfg = DebugWithProjectReferences|Any CPU
		{123CE64D-C4F8-47D8-9376-F57DA7B840BF}.DebugWithProjectReferences|Any CPU.Build.0 = DebugWithProjectReferences|Any CPU
		{123CE64D-C4F8-47D8-9376-F57DA7B840BF}.Release|Any CPU.ActiveCfg = Release|Any CPU
		{123CE64D-C4F8-47D8-9376-F57DA7B840BF}.Release|Any CPU.Build.0 = Release|Any CPU
		{3560D6FD-E03C-4582-8419-2D9ECD568336}.Debug|Any CPU.ActiveCfg = Debug|Any CPU
		{3560D6FD-E03C-4582-8419-2D9ECD568336}.Debug|Any CPU.Build.0 = Debug|Any CPU
		{3560D6FD-E03C-4582-8419-2D9ECD568336}.DebugWithProjectReferences|Any CPU.ActiveCfg = Debug|Any CPU
		{3560D6FD-E03C-4582-8419-2D9ECD568336}.DebugWithProjectReferences|Any CPU.Build.0 = Debug|Any CPU
		{3560D6FD-E03C-4582-8419-2D9ECD568336}.Release|Any CPU.ActiveCfg = Release|Any CPU
		{3560D6FD-E03C-4582-8419-2D9ECD568336}.Release|Any CPU.Build.0 = Release|Any CPU
		{2899245B-7A74-40A8-9441-A8CD6A887633}.Debug|Any CPU.ActiveCfg = Debug|Any CPU
		{2899245B-7A74-40A8-9441-A8CD6A887633}.Debug|Any CPU.Build.0 = Debug|Any CPU
		{2899245B-7A74-40A8-9441-A8CD6A887633}.DebugWithProjectReferences|Any CPU.ActiveCfg = Debug|Any CPU
		{2899245B-7A74-40A8-9441-A8CD6A887633}.DebugWithProjectReferences|Any CPU.Build.0 = Debug|Any CPU
		{2899245B-7A74-40A8-9441-A8CD6A887633}.Release|Any CPU.ActiveCfg = Release|Any CPU
		{2899245B-7A74-40A8-9441-A8CD6A887633}.Release|Any CPU.Build.0 = Release|Any CPU
		{55A783EC-BAC5-4E2E-99B9-80CD8DA8B8C5}.Debug|Any CPU.ActiveCfg = Debug|Any CPU
		{55A783EC-BAC5-4E2E-99B9-80CD8DA8B8C5}.Debug|Any CPU.Build.0 = Debug|Any CPU
		{55A783EC-BAC5-4E2E-99B9-80CD8DA8B8C5}.DebugWithProjectReferences|Any CPU.ActiveCfg = Debug|Any CPU
		{55A783EC-BAC5-4E2E-99B9-80CD8DA8B8C5}.DebugWithProjectReferences|Any CPU.Build.0 = Debug|Any CPU
		{55A783EC-BAC5-4E2E-99B9-80CD8DA8B8C5}.Release|Any CPU.ActiveCfg = Release|Any CPU
		{55A783EC-BAC5-4E2E-99B9-80CD8DA8B8C5}.Release|Any CPU.Build.0 = Release|Any CPU
		{00FC4E01-1188-465C-BE5D-CC7B0F322CD0}.Debug|Any CPU.ActiveCfg = Debug|Any CPU
		{00FC4E01-1188-465C-BE5D-CC7B0F322CD0}.Debug|Any CPU.Build.0 = Debug|Any CPU
		{00FC4E01-1188-465C-BE5D-CC7B0F322CD0}.DebugWithProjectReferences|Any CPU.ActiveCfg = Debug|Any CPU
		{00FC4E01-1188-465C-BE5D-CC7B0F322CD0}.DebugWithProjectReferences|Any CPU.Build.0 = Debug|Any CPU
		{00FC4E01-1188-465C-BE5D-CC7B0F322CD0}.Release|Any CPU.ActiveCfg = Release|Any CPU
		{00FC4E01-1188-465C-BE5D-CC7B0F322CD0}.Release|Any CPU.Build.0 = Release|Any CPU
		{D15F833B-C6B1-4D53-B488-70644DC5FD6F}.Debug|Any CPU.ActiveCfg = Debug|Any CPU
		{D15F833B-C6B1-4D53-B488-70644DC5FD6F}.Debug|Any CPU.Build.0 = Debug|Any CPU
		{D15F833B-C6B1-4D53-B488-70644DC5FD6F}.DebugWithProjectReferences|Any CPU.ActiveCfg = Debug|Any CPU
		{D15F833B-C6B1-4D53-B488-70644DC5FD6F}.DebugWithProjectReferences|Any CPU.Build.0 = Debug|Any CPU
		{D15F833B-C6B1-4D53-B488-70644DC5FD6F}.Release|Any CPU.ActiveCfg = Release|Any CPU
		{D15F833B-C6B1-4D53-B488-70644DC5FD6F}.Release|Any CPU.Build.0 = Release|Any CPU
		{FFB2D1EA-0F80-44FB-A6A4-8B79B06EEBD7}.Debug|Any CPU.ActiveCfg = Debug|Any CPU
		{FFB2D1EA-0F80-44FB-A6A4-8B79B06EEBD7}.Debug|Any CPU.Build.0 = Debug|Any CPU
		{FFB2D1EA-0F80-44FB-A6A4-8B79B06EEBD7}.DebugWithProjectReferences|Any CPU.ActiveCfg = Debug|Any CPU
		{FFB2D1EA-0F80-44FB-A6A4-8B79B06EEBD7}.DebugWithProjectReferences|Any CPU.Build.0 = Debug|Any CPU
		{FFB2D1EA-0F80-44FB-A6A4-8B79B06EEBD7}.Release|Any CPU.ActiveCfg = Release|Any CPU
		{FFB2D1EA-0F80-44FB-A6A4-8B79B06EEBD7}.Release|Any CPU.Build.0 = Release|Any CPU
		{AFC27BB9-D3E2-4BF9-B619-9B18D31C5022}.Debug|Any CPU.ActiveCfg = Debug|Any CPU
		{AFC27BB9-D3E2-4BF9-B619-9B18D31C5022}.Debug|Any CPU.Build.0 = Debug|Any CPU
		{AFC27BB9-D3E2-4BF9-B619-9B18D31C5022}.DebugWithProjectReferences|Any CPU.ActiveCfg = Debug|Any CPU
		{AFC27BB9-D3E2-4BF9-B619-9B18D31C5022}.DebugWithProjectReferences|Any CPU.Build.0 = Debug|Any CPU
		{AFC27BB9-D3E2-4BF9-B619-9B18D31C5022}.Release|Any CPU.ActiveCfg = Release|Any CPU
		{AFC27BB9-D3E2-4BF9-B619-9B18D31C5022}.Release|Any CPU.Build.0 = Release|Any CPU
		{2EC7D735-F2AF-48B7-9C60-722993872EC4}.Debug|Any CPU.ActiveCfg = Debug|Any CPU
		{2EC7D735-F2AF-48B7-9C60-722993872EC4}.Debug|Any CPU.Build.0 = Debug|Any CPU
		{2EC7D735-F2AF-48B7-9C60-722993872EC4}.DebugWithProjectReferences|Any CPU.ActiveCfg = Debug|Any CPU
		{2EC7D735-F2AF-48B7-9C60-722993872EC4}.DebugWithProjectReferences|Any CPU.Build.0 = Debug|Any CPU
		{2EC7D735-F2AF-48B7-9C60-722993872EC4}.Release|Any CPU.ActiveCfg = Release|Any CPU
		{2EC7D735-F2AF-48B7-9C60-722993872EC4}.Release|Any CPU.Build.0 = Release|Any CPU
		{CC098EAF-8CF1-444A-B20F-0AE70022AC06}.Debug|Any CPU.ActiveCfg = Debug|Any CPU
		{CC098EAF-8CF1-444A-B20F-0AE70022AC06}.Debug|Any CPU.Build.0 = Debug|Any CPU
		{CC098EAF-8CF1-444A-B20F-0AE70022AC06}.DebugWithProjectReferences|Any CPU.ActiveCfg = Debug|Any CPU
		{CC098EAF-8CF1-444A-B20F-0AE70022AC06}.DebugWithProjectReferences|Any CPU.Build.0 = Debug|Any CPU
		{CC098EAF-8CF1-444A-B20F-0AE70022AC06}.Release|Any CPU.ActiveCfg = Release|Any CPU
		{CC098EAF-8CF1-444A-B20F-0AE70022AC06}.Release|Any CPU.Build.0 = Release|Any CPU
	EndGlobalSection
	GlobalSection(SolutionProperties) = preSolution
		HideSolutionNode = FALSE
	EndGlobalSection
	GlobalSection(NestedProjects) = preSolution
		{172F1450-3593-484F-9A4F-303C58367589} = {84E2069D-C129-4FFC-8CC4-FFAEE395BC2A}
		{037AFC1A-A3E2-40C8-8C3C-C85F56FD7D84} = {172F1450-3593-484F-9A4F-303C58367589}
		{7CFE9FA0-1247-444C-B54F-46FB73C0B3FD} = {84E2069D-C129-4FFC-8CC4-FFAEE395BC2A}
		{32D7973C-2C85-4A77-ABDF-92DD594C7FED} = {84E2069D-C129-4FFC-8CC4-FFAEE395BC2A}
		{21B7C4AE-FBBB-4B21-90A5-4492B1077C43} = {32D7973C-2C85-4A77-ABDF-92DD594C7FED}
		{57C3088E-6E55-4F62-9659-C5090AD79F30} = {32D7973C-2C85-4A77-ABDF-92DD594C7FED}
		{A6A3B1AA-406A-4C65-A8E0-5B9DC8A0A81A} = {32D7973C-2C85-4A77-ABDF-92DD594C7FED}
		{F13DD8B1-69FD-4372-966D-F6C5BC4148BA} = {172F1450-3593-484F-9A4F-303C58367589}
		{4692CB51-7197-4611-8609-2FFB0A842B6C} = {BE7E4AE3-AD84-422B-81C9-18331534317D}
		{30F520F4-71CC-4209-BA0F-0E058D81A5D1} = {4692CB51-7197-4611-8609-2FFB0A842B6C}
		{8ACECA17-F49A-47D3-8A1B-68BC2B0C9687} = {BE7E4AE3-AD84-422B-81C9-18331534317D}
		{90518A07-C4AF-439B-AFF6-E6B5D5628D5C} = {BE7E4AE3-AD84-422B-81C9-18331534317D}
		{123CE64D-C4F8-47D8-9376-F57DA7B840BF} = {1DBBED92-BD24-4C18-B63F-E699E95FB2AA}
		{3560D6FD-E03C-4582-8419-2D9ECD568336} = {1DBBED92-BD24-4C18-B63F-E699E95FB2AA}
		{2899245B-7A74-40A8-9441-A8CD6A887633} = {1DBBED92-BD24-4C18-B63F-E699E95FB2AA}
		{55A783EC-BAC5-4E2E-99B9-80CD8DA8B8C5} = {1DBBED92-BD24-4C18-B63F-E699E95FB2AA}
		{00FC4E01-1188-465C-BE5D-CC7B0F322CD0} = {1DBBED92-BD24-4C18-B63F-E699E95FB2AA}
		{D15F833B-C6B1-4D53-B488-70644DC5FD6F} = {1DBBED92-BD24-4C18-B63F-E699E95FB2AA}
		{FFB2D1EA-0F80-44FB-A6A4-8B79B06EEBD7} = {1DBBED92-BD24-4C18-B63F-E699E95FB2AA}
		{AFC27BB9-D3E2-4BF9-B619-9B18D31C5022} = {1DBBED92-BD24-4C18-B63F-E699E95FB2AA}
		{2EC7D735-F2AF-48B7-9C60-722993872EC4} = {1DBBED92-BD24-4C18-B63F-E699E95FB2AA}
		{CC098EAF-8CF1-444A-B20F-0AE70022AC06} = {8ACECA17-F49A-47D3-8A1B-68BC2B0C9687}
		{54DF4A3B-D9D6-4480-8B2F-306AAB5CE1B3} = {BE7E4AE3-AD84-422B-81C9-18331534317D}
	EndGlobalSection
	GlobalSection(ExtensibilityGlobals) = postSolution
		SolutionGuid = {A0B2D1C5-C68C-4899-938A-E9CA74CB5ED5}
	EndGlobalSection
EndGlobal
