
Microsoft Visual Studio Solution File, Format Version 12.00
# Visual Studio Version 17
VisualStudioVersion = 17.0.31903.59
MinimumVisualStudioVersion = 10.0.40219.1
Project("{2150E333-8FDC-42A3-9474-1A3956D46DE8}") = "Tests", "Tests", "{918F6ECA-9663-4A56-BD86-F1786B173A39}"
EndProject
Project("{2150E333-8FDC-42A3-9474-1A3956D46DE8}") = "02. Samplesv2", "02. Samplesv2", "{84E2069D-C129-4FFC-8CC4-FFAEE395BC2A}"
EndProject
Project("{2150E333-8FDC-42A3-9474-1A3956D46DE8}") = "01. Wpf", "01. Wpf", "{172F1450-3593-484F-9A4F-303C58367589}"
EndProject
Project("{9A19103F-16F7-4668-BE54-9A1E7A4F7556}") = "EasySample500v2", "Samplesv2\01. wpf\EasySample500v2\EasySample500v2.csproj", "{037AFC1A-A3E2-40C8-8C3C-C85F56FD7D84}"
EndProject
Project("{2150E333-8FDC-42A3-9474-1A3956D46DE8}") = "03. Aspnet Blazor", "03. Aspnet Blazor", "{7CFE9FA0-1247-444C-B54F-46FB73C0B3FD}"
EndProject
Project("{2150E333-8FDC-42A3-9474-1A3956D46DE8}") = "02. Aspnet", "02. Aspnet", "{32D7973C-2C85-4A77-ABDF-92DD594C7FED}"
EndProject
Project("{9A19103F-16F7-4668-BE54-9A1E7A4F7556}") = "WebApplication1.Server", "Samplesv2\02. Aspnet\WebApplication1\Server\WebApplication1.Server.csproj", "{21B7C4AE-FBBB-4B21-90A5-4492B1077C43}"
EndProject
Project("{9A19103F-16F7-4668-BE54-9A1E7A4F7556}") = "WebApplication1.Client", "Samplesv2\02. Aspnet\WebApplication1\Client\WebApplication1.Client.csproj", "{57C3088E-6E55-4F62-9659-C5090AD79F30}"
EndProject
Project("{9A19103F-16F7-4668-BE54-9A1E7A4F7556}") = "WebApplication1.Shared", "Samplesv2\02. Aspnet\WebApplication1\Shared\WebApplication1.Shared.csproj", "{A6A3B1AA-406A-4C65-A8E0-5B9DC8A0A81A}"
EndProject
Project("{2150E333-8FDC-42A3-9474-1A3956D46DE8}") = "Solution Items", "Solution Items", "{0E084CA0-E8DE-49F1-826D-1E51C8399EB2}"
	ProjectSection(SolutionItems) = preProject
		.filenesting.json = .filenesting.json
	EndProjectSection
EndProject
Project("{2150E333-8FDC-42A3-9474-1A3956D46DE8}") = "_ext", "_ext", "{1DBBED92-BD24-4C18-B63F-E699E95FB2AA}"
EndProject
Project("{9A19103F-16F7-4668-BE54-9A1E7A4F7556}") = "EasySample600v2", "Samplesv2\01. Wpf\EasySample600v2\EasySample600v2.csproj", "{F13DD8B1-69FD-4372-966D-F6C5BC4148BA}"
EndProject
Project("{2150E333-8FDC-42A3-9474-1A3956D46DE8}") = "_logstring", "_logstring", "{9C92F38F-7DB3-48B9-BAE0-73BDB8399F4E}"
EndProject
Project("{2150E333-8FDC-42A3-9474-1A3956D46DE8}") = "Tools", "Tools", "{95B68FFB-F70F-45A3-8145-BB327588D1B9}"
EndProject
Project("{2150E333-8FDC-42A3-9474-1A3956D46DE8}") = "03. Samplesv3", "03. Samplesv3", "{BE7E4AE3-AD84-422B-81C9-18331534317D}"
EndProject
Project("{2150E333-8FDC-42A3-9474-1A3956D46DE8}") = "01. Wpf", "01. Wpf", "{4692CB51-7197-4611-8609-2FFB0A842B6C}"
EndProject
Project("{9A19103F-16F7-4668-BE54-9A1E7A4F7556}") = "EasySample600v3", "Samplesv3\01. wpf\EasySample600v3\EasySample600v3.csproj", "{30F520F4-71CC-4209-BA0F-0E058D81A5D1}"
EndProject
Project("{2150E333-8FDC-42A3-9474-1A3956D46DE8}") = "00. Console", "00. Console", "{8ACECA17-F49A-47D3-8A1B-68BC2B0C9687}"
EndProject
Project("{2150E333-8FDC-42A3-9474-1A3956D46DE8}") = "00. Linqpad", "00. Linqpad", "{90518A07-C4AF-439B-AFF6-E6B5D5628D5C}"
EndProject
Project("{9A19103F-16F7-4668-BE54-9A1E7A4F7556}") = "Common.Diagnostics", "..\telemetry_legacy\Common.Diagnostics\Common.Diagnostics.csproj", "{123CE64D-C4F8-47D8-9376-F57DA7B840BF}"
EndProject
Project("{9A19103F-16F7-4668-BE54-9A1E7A4F7556}") = "Common.Diagnostics.Logstrings.Azure", "..\telemetry_legacy\Common.Diagnostics.Logstrings.Azure\Common.Diagnostics.Logstrings.Azure.csproj", "{3560D6FD-E03C-4582-8419-2D9ECD568336}"
EndProject
Project("{9A19103F-16F7-4668-BE54-9A1E7A4F7556}") = "Common.Diagnostics.Logstrings.Identity", "..\telemetry_legacy\Common.Diagnostics.Logstrings.Identity\Common.Diagnostics.Logstrings.Identity.csproj", "{2899245B-7A74-40A8-9441-A8CD6A887633}"
EndProject
Project("{9A19103F-16F7-4668-BE54-9A1E7A4F7556}") = "Common.Diagnostics.Logstrings.Wpf", "..\telemetry_legacy\Common.Diagnostics.Logstrings.Wpf\Common.Diagnostics.Logstrings.Wpf.csproj", "{55A783EC-BAC5-4E2E-99B9-80CD8DA8B8C5}"
EndProject
Project("{9A19103F-16F7-4668-BE54-9A1E7A4F7556}") = "SampleConsoleApp", "Samplesv3\00. Console\SampleConsoleApp\SampleConsoleApp.csproj", "{CC098EAF-8CF1-444A-B20F-0AE70022AC06}"
EndProject
Project("{2150E333-8FDC-42A3-9474-1A3956D46DE8}") = "02. WebAPI", "02. WebAPI", "{54DF4A3B-D9D6-4480-8B2F-306AAB5CE1B3}"
EndProject
Project("{9A19103F-16F7-4668-BE54-9A1E7A4F7556}") = "SampleWebApi", "Samplesv3\02. WebApi\SampleWebApi\SampleWebApi.csproj", "{6B6CB485-1A5E-4D0C-A851-5A842DEB31E7}"
EndProject
Project("{9A19103F-16F7-4668-BE54-9A1E7A4F7556}") = "Diginsight.Core", "..\telemetry\src\Diginsight.Core\Diginsight.Core.csproj", "{A501A615-31F5-48A0-8BA9-394F8564A81F}"
EndProject
Project("{9A19103F-16F7-4668-BE54-9A1E7A4F7556}") = "Diginsight.AspNetCore", "..\telemetry\src\Diginsight.AspNetCore\Diginsight.AspNetCore.csproj", "{08614875-454A-441F-9DF3-CC0C49196EB0}"
EndProject
Project("{9A19103F-16F7-4668-BE54-9A1E7A4F7556}") = "Diginsight.Diagnostics", "..\telemetry\src\Diginsight.Diagnostics\Diginsight.Diagnostics.csproj", "{1DCA2FEC-203D-4DD7-A0F1-6A2D637F5DD7}"
EndProject
Project("{9A19103F-16F7-4668-BE54-9A1E7A4F7556}") = "Diginsight.Diagnostics.AspNetCore", "..\telemetry\src\Diginsight.Diagnostics.AspNetCore\Diginsight.Diagnostics.AspNetCore.csproj", "{434328DB-B239-4C5A-B67E-B240432D836F}"
EndProject
Project("{9A19103F-16F7-4668-BE54-9A1E7A4F7556}") = "Diginsight.Diagnostics.AspNetCore.OpenTelemetry", "..\telemetry\src\Diginsight.Diagnostics.AspNetCore.OpenTelemetry\Diginsight.Diagnostics.AspNetCore.OpenTelemetry.csproj", "{0E2556C8-1EBD-40F6-AEE2-A47575419A35}"
EndProject
Project("{9A19103F-16F7-4668-BE54-9A1E7A4F7556}") = "Diginsight.Diagnostics.Log4Net", "..\telemetry\src\Diginsight.Diagnostics.Log4Net\Diginsight.Diagnostics.Log4Net.csproj", "{F63E7222-7C07-418B-B6B0-3CC0FF09372D}"
EndProject
Project("{9A19103F-16F7-4668-BE54-9A1E7A4F7556}") = "Diginsight.Diagnostics.OpenTelemetry", "..\telemetry\src\Diginsight.Diagnostics.OpenTelemetry\Diginsight.Diagnostics.OpenTelemetry.csproj", "{7884B903-6DB0-40D6-A9D2-A301869857E2}"
EndProject
Project("{9A19103F-16F7-4668-BE54-9A1E7A4F7556}") = "Diginsight.Polyfills", "..\telemetry\src\Diginsight.Polyfills\Diginsight.Polyfills.csproj", "{DA256971-AD07-4C55-BF82-ECA786817136}"
EndProject
Project("{2150E333-8FDC-42A3-9474-1A3956D46DE8}") = "10. Other", "10. Other", "{3DD125FB-DFEA-4DF5-A68A-41F6D59FDC19}"
EndProject
Project("{9A19103F-16F7-4668-BE54-9A1E7A4F7556}") = "ItemsControlSample", "zOther\ItemsControlSample\ItemsControlSample.csproj", "{4E39B320-B6C3-4DA7-B6EF-3BA022A81F60}"
EndProject
Project("{9A19103F-16F7-4668-BE54-9A1E7A4F7556}") = "AuthenticationSample", "zOther\AuthenticationSample\AuthenticationSample.csproj", "{0F09A99B-7F9E-4C7A-AB8A-1500DFEC4092}"
EndProject
Project("{9A19103F-16F7-4668-BE54-9A1E7A4F7556}") = "EasySample800v3", "Samplesv3\01. wpf\EasySample800v3\EasySample800v3.csproj", "{8D0C1938-5F5C-480F-9F44-4C6C07EA36BB}"
EndProject
Global
	GlobalSection(SolutionConfigurationPlatforms) = preSolution
		Debug|Any CPU = Debug|Any CPU
		DebugWithProjectReferences|Any CPU = DebugWithProjectReferences|Any CPU
		Release|Any CPU = Release|Any CPU
	EndGlobalSection
	GlobalSection(ProjectConfigurationPlatforms) = postSolution
		{037AFC1A-A3E2-40C8-8C3C-C85F56FD7D84}.Debug|Any CPU.ActiveCfg = Debug|Any CPU
		{037AFC1A-A3E2-40C8-8C3C-C85F56FD7D84}.Debug|Any CPU.Build.0 = Debug|Any CPU
		{037AFC1A-A3E2-40C8-8C3C-C85F56FD7D84}.DebugWithProjectReferences|Any CPU.ActiveCfg = Debug|Any CPU
		{037AFC1A-A3E2-40C8-8C3C-C85F56FD7D84}.DebugWithProjectReferences|Any CPU.Build.0 = Debug|Any CPU
		{037AFC1A-A3E2-40C8-8C3C-C85F56FD7D84}.Release|Any CPU.ActiveCfg = Release|Any CPU
		{037AFC1A-A3E2-40C8-8C3C-C85F56FD7D84}.Release|Any CPU.Build.0 = Release|Any CPU
		{21B7C4AE-FBBB-4B21-90A5-4492B1077C43}.Debug|Any CPU.ActiveCfg = Debug|Any CPU
		{21B7C4AE-FBBB-4B21-90A5-4492B1077C43}.Debug|Any CPU.Build.0 = Debug|Any CPU
		{21B7C4AE-FBBB-4B21-90A5-4492B1077C43}.DebugWithProjectReferences|Any CPU.ActiveCfg = Debug|Any CPU
		{21B7C4AE-FBBB-4B21-90A5-4492B1077C43}.DebugWithProjectReferences|Any CPU.Build.0 = Debug|Any CPU
		{21B7C4AE-FBBB-4B21-90A5-4492B1077C43}.Release|Any CPU.ActiveCfg = Release|Any CPU
		{21B7C4AE-FBBB-4B21-90A5-4492B1077C43}.Release|Any CPU.Build.0 = Release|Any CPU
		{57C3088E-6E55-4F62-9659-C5090AD79F30}.Debug|Any CPU.ActiveCfg = Debug|Any CPU
		{57C3088E-6E55-4F62-9659-C5090AD79F30}.Debug|Any CPU.Build.0 = Debug|Any CPU
		{57C3088E-6E55-4F62-9659-C5090AD79F30}.DebugWithProjectReferences|Any CPU.ActiveCfg = Debug|Any CPU
		{57C3088E-6E55-4F62-9659-C5090AD79F30}.DebugWithProjectReferences|Any CPU.Build.0 = Debug|Any CPU
		{57C3088E-6E55-4F62-9659-C5090AD79F30}.Release|Any CPU.ActiveCfg = Release|Any CPU
		{57C3088E-6E55-4F62-9659-C5090AD79F30}.Release|Any CPU.Build.0 = Release|Any CPU
		{A6A3B1AA-406A-4C65-A8E0-5B9DC8A0A81A}.Debug|Any CPU.ActiveCfg = Debug|Any CPU
		{A6A3B1AA-406A-4C65-A8E0-5B9DC8A0A81A}.Debug|Any CPU.Build.0 = Debug|Any CPU
		{A6A3B1AA-406A-4C65-A8E0-5B9DC8A0A81A}.DebugWithProjectReferences|Any CPU.ActiveCfg = Debug|Any CPU
		{A6A3B1AA-406A-4C65-A8E0-5B9DC8A0A81A}.DebugWithProjectReferences|Any CPU.Build.0 = Debug|Any CPU
		{A6A3B1AA-406A-4C65-A8E0-5B9DC8A0A81A}.Release|Any CPU.ActiveCfg = Release|Any CPU
		{A6A3B1AA-406A-4C65-A8E0-5B9DC8A0A81A}.Release|Any CPU.Build.0 = Release|Any CPU
		{F13DD8B1-69FD-4372-966D-F6C5BC4148BA}.Debug|Any CPU.ActiveCfg = Debug|Any CPU
		{F13DD8B1-69FD-4372-966D-F6C5BC4148BA}.Debug|Any CPU.Build.0 = Debug|Any CPU
		{F13DD8B1-69FD-4372-966D-F6C5BC4148BA}.DebugWithProjectReferences|Any CPU.ActiveCfg = Debug|Any CPU
		{F13DD8B1-69FD-4372-966D-F6C5BC4148BA}.DebugWithProjectReferences|Any CPU.Build.0 = Debug|Any CPU
		{F13DD8B1-69FD-4372-966D-F6C5BC4148BA}.Release|Any CPU.ActiveCfg = Release|Any CPU
		{F13DD8B1-69FD-4372-966D-F6C5BC4148BA}.Release|Any CPU.Build.0 = Release|Any CPU
		{30F520F4-71CC-4209-BA0F-0E058D81A5D1}.Debug|Any CPU.ActiveCfg = Debug|Any CPU
		{30F520F4-71CC-4209-BA0F-0E058D81A5D1}.Debug|Any CPU.Build.0 = Debug|Any CPU
		{30F520F4-71CC-4209-BA0F-0E058D81A5D1}.DebugWithProjectReferences|Any CPU.ActiveCfg = Debug|Any CPU
		{30F520F4-71CC-4209-BA0F-0E058D81A5D1}.DebugWithProjectReferences|Any CPU.Build.0 = Debug|Any CPU
		{30F520F4-71CC-4209-BA0F-0E058D81A5D1}.Release|Any CPU.ActiveCfg = Release|Any CPU
		{30F520F4-71CC-4209-BA0F-0E058D81A5D1}.Release|Any CPU.Build.0 = Release|Any CPU
		{123CE64D-C4F8-47D8-9376-F57DA7B840BF}.Debug|Any CPU.ActiveCfg = Debug|Any CPU
		{123CE64D-C4F8-47D8-9376-F57DA7B840BF}.Debug|Any CPU.Build.0 = Debug|Any CPU
		{123CE64D-C4F8-47D8-9376-F57DA7B840BF}.DebugWithProjectReferences|Any CPU.ActiveCfg = DebugWithProjectReferences|Any CPU
		{123CE64D-C4F8-47D8-9376-F57DA7B840BF}.DebugWithProjectReferences|Any CPU.Build.0 = DebugWithProjectReferences|Any CPU
		{123CE64D-C4F8-47D8-9376-F57DA7B840BF}.Release|Any CPU.ActiveCfg = Release|Any CPU
		{123CE64D-C4F8-47D8-9376-F57DA7B840BF}.Release|Any CPU.Build.0 = Release|Any CPU
		{3560D6FD-E03C-4582-8419-2D9ECD568336}.Debug|Any CPU.ActiveCfg = Debug|Any CPU
		{3560D6FD-E03C-4582-8419-2D9ECD568336}.Debug|Any CPU.Build.0 = Debug|Any CPU
		{3560D6FD-E03C-4582-8419-2D9ECD568336}.DebugWithProjectReferences|Any CPU.ActiveCfg = Debug|Any CPU
		{3560D6FD-E03C-4582-8419-2D9ECD568336}.DebugWithProjectReferences|Any CPU.Build.0 = Debug|Any CPU
		{3560D6FD-E03C-4582-8419-2D9ECD568336}.Release|Any CPU.ActiveCfg = Release|Any CPU
		{3560D6FD-E03C-4582-8419-2D9ECD568336}.Release|Any CPU.Build.0 = Release|Any CPU
		{2899245B-7A74-40A8-9441-A8CD6A887633}.Debug|Any CPU.ActiveCfg = Debug|Any CPU
		{2899245B-7A74-40A8-9441-A8CD6A887633}.Debug|Any CPU.Build.0 = Debug|Any CPU
		{2899245B-7A74-40A8-9441-A8CD6A887633}.DebugWithProjectReferences|Any CPU.ActiveCfg = Debug|Any CPU
		{2899245B-7A74-40A8-9441-A8CD6A887633}.DebugWithProjectReferences|Any CPU.Build.0 = Debug|Any CPU
		{2899245B-7A74-40A8-9441-A8CD6A887633}.Release|Any CPU.ActiveCfg = Release|Any CPU
		{2899245B-7A74-40A8-9441-A8CD6A887633}.Release|Any CPU.Build.0 = Release|Any CPU
		{55A783EC-BAC5-4E2E-99B9-80CD8DA8B8C5}.Debug|Any CPU.ActiveCfg = Debug|Any CPU
		{55A783EC-BAC5-4E2E-99B9-80CD8DA8B8C5}.Debug|Any CPU.Build.0 = Debug|Any CPU
		{55A783EC-BAC5-4E2E-99B9-80CD8DA8B8C5}.DebugWithProjectReferences|Any CPU.ActiveCfg = Debug|Any CPU
		{55A783EC-BAC5-4E2E-99B9-80CD8DA8B8C5}.DebugWithProjectReferences|Any CPU.Build.0 = Debug|Any CPU
		{55A783EC-BAC5-4E2E-99B9-80CD8DA8B8C5}.Release|Any CPU.ActiveCfg = Release|Any CPU
		{55A783EC-BAC5-4E2E-99B9-80CD8DA8B8C5}.Release|Any CPU.Build.0 = Release|Any CPU
		{CC098EAF-8CF1-444A-B20F-0AE70022AC06}.Debug|Any CPU.ActiveCfg = Debug|Any CPU
		{CC098EAF-8CF1-444A-B20F-0AE70022AC06}.Debug|Any CPU.Build.0 = Debug|Any CPU
		{CC098EAF-8CF1-444A-B20F-0AE70022AC06}.DebugWithProjectReferences|Any CPU.ActiveCfg = Debug|Any CPU
		{CC098EAF-8CF1-444A-B20F-0AE70022AC06}.DebugWithProjectReferences|Any CPU.Build.0 = Debug|Any CPU
		{CC098EAF-8CF1-444A-B20F-0AE70022AC06}.Release|Any CPU.ActiveCfg = Release|Any CPU
		{CC098EAF-8CF1-444A-B20F-0AE70022AC06}.Release|Any CPU.Build.0 = Release|Any CPU
		{6B6CB485-1A5E-4D0C-A851-5A842DEB31E7}.Debug|Any CPU.ActiveCfg = Debug|Any CPU
		{6B6CB485-1A5E-4D0C-A851-5A842DEB31E7}.Debug|Any CPU.Build.0 = Debug|Any CPU
		{6B6CB485-1A5E-4D0C-A851-5A842DEB31E7}.DebugWithProjectReferences|Any CPU.ActiveCfg = Debug|Any CPU
		{6B6CB485-1A5E-4D0C-A851-5A842DEB31E7}.DebugWithProjectReferences|Any CPU.Build.0 = Debug|Any CPU
		{6B6CB485-1A5E-4D0C-A851-5A842DEB31E7}.Release|Any CPU.ActiveCfg = Release|Any CPU
		{6B6CB485-1A5E-4D0C-A851-5A842DEB31E7}.Release|Any CPU.Build.0 = Release|Any CPU
		{A501A615-31F5-48A0-8BA9-394F8564A81F}.Debug|Any CPU.ActiveCfg = Debug|Any CPU
		{A501A615-31F5-48A0-8BA9-394F8564A81F}.Debug|Any CPU.Build.0 = Debug|Any CPU
		{A501A615-31F5-48A0-8BA9-394F8564A81F}.DebugWithProjectReferences|Any CPU.ActiveCfg = Debug|Any CPU
		{A501A615-31F5-48A0-8BA9-394F8564A81F}.DebugWithProjectReferences|Any CPU.Build.0 = Debug|Any CPU
		{A501A615-31F5-48A0-8BA9-394F8564A81F}.Release|Any CPU.ActiveCfg = Release|Any CPU
		{A501A615-31F5-48A0-8BA9-394F8564A81F}.Release|Any CPU.Build.0 = Release|Any CPU
		{08614875-454A-441F-9DF3-CC0C49196EB0}.Debug|Any CPU.ActiveCfg = Debug|Any CPU
		{08614875-454A-441F-9DF3-CC0C49196EB0}.Debug|Any CPU.Build.0 = Debug|Any CPU
		{08614875-454A-441F-9DF3-CC0C49196EB0}.DebugWithProjectReferences|Any CPU.ActiveCfg = Debug|Any CPU
		{08614875-454A-441F-9DF3-CC0C49196EB0}.DebugWithProjectReferences|Any CPU.Build.0 = Debug|Any CPU
		{08614875-454A-441F-9DF3-CC0C49196EB0}.Release|Any CPU.ActiveCfg = Release|Any CPU
		{08614875-454A-441F-9DF3-CC0C49196EB0}.Release|Any CPU.Build.0 = Release|Any CPU
		{1DCA2FEC-203D-4DD7-A0F1-6A2D637F5DD7}.Debug|Any CPU.ActiveCfg = Debug|Any CPU
		{1DCA2FEC-203D-4DD7-A0F1-6A2D637F5DD7}.Debug|Any CPU.Build.0 = Debug|Any CPU
		{1DCA2FEC-203D-4DD7-A0F1-6A2D637F5DD7}.DebugWithProjectReferences|Any CPU.ActiveCfg = Debug|Any CPU
		{1DCA2FEC-203D-4DD7-A0F1-6A2D637F5DD7}.DebugWithProjectReferences|Any CPU.Build.0 = Debug|Any CPU
		{1DCA2FEC-203D-4DD7-A0F1-6A2D637F5DD7}.Release|Any CPU.ActiveCfg = Release|Any CPU
		{1DCA2FEC-203D-4DD7-A0F1-6A2D637F5DD7}.Release|Any CPU.Build.0 = Release|Any CPU
		{434328DB-B239-4C5A-B67E-B240432D836F}.Debug|Any CPU.ActiveCfg = Debug|Any CPU
		{434328DB-B239-4C5A-B67E-B240432D836F}.Debug|Any CPU.Build.0 = Debug|Any CPU
		{434328DB-B239-4C5A-B67E-B240432D836F}.DebugWithProjectReferences|Any CPU.ActiveCfg = Debug|Any CPU
		{434328DB-B239-4C5A-B67E-B240432D836F}.DebugWithProjectReferences|Any CPU.Build.0 = Debug|Any CPU
		{434328DB-B239-4C5A-B67E-B240432D836F}.Release|Any CPU.ActiveCfg = Release|Any CPU
		{434328DB-B239-4C5A-B67E-B240432D836F}.Release|Any CPU.Build.0 = Release|Any CPU
		{0E2556C8-1EBD-40F6-AEE2-A47575419A35}.Debug|Any CPU.ActiveCfg = Debug|Any CPU
		{0E2556C8-1EBD-40F6-AEE2-A47575419A35}.Debug|Any CPU.Build.0 = Debug|Any CPU
		{0E2556C8-1EBD-40F6-AEE2-A47575419A35}.DebugWithProjectReferences|Any CPU.ActiveCfg = Debug|Any CPU
		{0E2556C8-1EBD-40F6-AEE2-A47575419A35}.DebugWithProjectReferences|Any CPU.Build.0 = Debug|Any CPU
		{0E2556C8-1EBD-40F6-AEE2-A47575419A35}.Release|Any CPU.ActiveCfg = Release|Any CPU
		{0E2556C8-1EBD-40F6-AEE2-A47575419A35}.Release|Any CPU.Build.0 = Release|Any CPU
		{F63E7222-7C07-418B-B6B0-3CC0FF09372D}.Debug|Any CPU.ActiveCfg = Debug|Any CPU
		{F63E7222-7C07-418B-B6B0-3CC0FF09372D}.Debug|Any CPU.Build.0 = Debug|Any CPU
		{F63E7222-7C07-418B-B6B0-3CC0FF09372D}.DebugWithProjectReferences|Any CPU.ActiveCfg = Debug|Any CPU
		{F63E7222-7C07-418B-B6B0-3CC0FF09372D}.DebugWithProjectReferences|Any CPU.Build.0 = Debug|Any CPU
		{F63E7222-7C07-418B-B6B0-3CC0FF09372D}.Release|Any CPU.ActiveCfg = Release|Any CPU
		{F63E7222-7C07-418B-B6B0-3CC0FF09372D}.Release|Any CPU.Build.0 = Release|Any CPU
		{7884B903-6DB0-40D6-A9D2-A301869857E2}.Debug|Any CPU.ActiveCfg = Debug|Any CPU
		{7884B903-6DB0-40D6-A9D2-A301869857E2}.Debug|Any CPU.Build.0 = Debug|Any CPU
		{7884B903-6DB0-40D6-A9D2-A301869857E2}.DebugWithProjectReferences|Any CPU.ActiveCfg = Debug|Any CPU
		{7884B903-6DB0-40D6-A9D2-A301869857E2}.DebugWithProjectReferences|Any CPU.Build.0 = Debug|Any CPU
		{7884B903-6DB0-40D6-A9D2-A301869857E2}.Release|Any CPU.ActiveCfg = Release|Any CPU
		{7884B903-6DB0-40D6-A9D2-A301869857E2}.Release|Any CPU.Build.0 = Release|Any CPU
		{DA256971-AD07-4C55-BF82-ECA786817136}.Debug|Any CPU.ActiveCfg = Debug|Any CPU
		{DA256971-AD07-4C55-BF82-ECA786817136}.Debug|Any CPU.Build.0 = Debug|Any CPU
		{DA256971-AD07-4C55-BF82-ECA786817136}.DebugWithProjectReferences|Any CPU.ActiveCfg = Debug|Any CPU
		{DA256971-AD07-4C55-BF82-ECA786817136}.DebugWithProjectReferences|Any CPU.Build.0 = Debug|Any CPU
		{DA256971-AD07-4C55-BF82-ECA786817136}.Release|Any CPU.ActiveCfg = Release|Any CPU
		{DA256971-AD07-4C55-BF82-ECA786817136}.Release|Any CPU.Build.0 = Release|Any CPU
		{4E39B320-B6C3-4DA7-B6EF-3BA022A81F60}.Debug|Any CPU.ActiveCfg = Debug|Any CPU
		{4E39B320-B6C3-4DA7-B6EF-3BA022A81F60}.Debug|Any CPU.Build.0 = Debug|Any CPU
		{4E39B320-B6C3-4DA7-B6EF-3BA022A81F60}.DebugWithProjectReferences|Any CPU.ActiveCfg = Debug|Any CPU
		{4E39B320-B6C3-4DA7-B6EF-3BA022A81F60}.DebugWithProjectReferences|Any CPU.Build.0 = Debug|Any CPU
		{4E39B320-B6C3-4DA7-B6EF-3BA022A81F60}.Release|Any CPU.ActiveCfg = Release|Any CPU
		{4E39B320-B6C3-4DA7-B6EF-3BA022A81F60}.Release|Any CPU.Build.0 = Release|Any CPU
		{0F09A99B-7F9E-4C7A-AB8A-1500DFEC4092}.Debug|Any CPU.ActiveCfg = Debug|Any CPU
		{0F09A99B-7F9E-4C7A-AB8A-1500DFEC4092}.Debug|Any CPU.Build.0 = Debug|Any CPU
		{0F09A99B-7F9E-4C7A-AB8A-1500DFEC4092}.DebugWithProjectReferences|Any CPU.ActiveCfg = Debug|Any CPU
		{0F09A99B-7F9E-4C7A-AB8A-1500DFEC4092}.DebugWithProjectReferences|Any CPU.Build.0 = Debug|Any CPU
		{0F09A99B-7F9E-4C7A-AB8A-1500DFEC4092}.Release|Any CPU.ActiveCfg = Release|Any CPU
		{0F09A99B-7F9E-4C7A-AB8A-1500DFEC4092}.Release|Any CPU.Build.0 = Release|Any CPU
		{8D0C1938-5F5C-480F-9F44-4C6C07EA36BB}.Debug|Any CPU.ActiveCfg = Debug|Any CPU
		{8D0C1938-5F5C-480F-9F44-4C6C07EA36BB}.Debug|Any CPU.Build.0 = Debug|Any CPU
		{8D0C1938-5F5C-480F-9F44-4C6C07EA36BB}.DebugWithProjectReferences|Any CPU.ActiveCfg = Debug|Any CPU
		{8D0C1938-5F5C-480F-9F44-4C6C07EA36BB}.DebugWithProjectReferences|Any CPU.Build.0 = Debug|Any CPU
		{8D0C1938-5F5C-480F-9F44-4C6C07EA36BB}.Release|Any CPU.ActiveCfg = Release|Any CPU
		{8D0C1938-5F5C-480F-9F44-4C6C07EA36BB}.Release|Any CPU.Build.0 = Release|Any CPU
	EndGlobalSection
	GlobalSection(SolutionProperties) = preSolution
		HideSolutionNode = FALSE
	EndGlobalSection
	GlobalSection(NestedProjects) = preSolution
		{172F1450-3593-484F-9A4F-303C58367589} = {84E2069D-C129-4FFC-8CC4-FFAEE395BC2A}
		{037AFC1A-A3E2-40C8-8C3C-C85F56FD7D84} = {172F1450-3593-484F-9A4F-303C58367589}
		{7CFE9FA0-1247-444C-B54F-46FB73C0B3FD} = {84E2069D-C129-4FFC-8CC4-FFAEE395BC2A}
		{32D7973C-2C85-4A77-ABDF-92DD594C7FED} = {84E2069D-C129-4FFC-8CC4-FFAEE395BC2A}
		{21B7C4AE-FBBB-4B21-90A5-4492B1077C43} = {32D7973C-2C85-4A77-ABDF-92DD594C7FED}
		{57C3088E-6E55-4F62-9659-C5090AD79F30} = {32D7973C-2C85-4A77-ABDF-92DD594C7FED}
		{A6A3B1AA-406A-4C65-A8E0-5B9DC8A0A81A} = {32D7973C-2C85-4A77-ABDF-92DD594C7FED}
		{F13DD8B1-69FD-4372-966D-F6C5BC4148BA} = {172F1450-3593-484F-9A4F-303C58367589}
		{4692CB51-7197-4611-8609-2FFB0A842B6C} = {BE7E4AE3-AD84-422B-81C9-18331534317D}
		{30F520F4-71CC-4209-BA0F-0E058D81A5D1} = {4692CB51-7197-4611-8609-2FFB0A842B6C}
		{8ACECA17-F49A-47D3-8A1B-68BC2B0C9687} = {BE7E4AE3-AD84-422B-81C9-18331534317D}
		{90518A07-C4AF-439B-AFF6-E6B5D5628D5C} = {BE7E4AE3-AD84-422B-81C9-18331534317D}
		{123CE64D-C4F8-47D8-9376-F57DA7B840BF} = {1DBBED92-BD24-4C18-B63F-E699E95FB2AA}
		{3560D6FD-E03C-4582-8419-2D9ECD568336} = {1DBBED92-BD24-4C18-B63F-E699E95FB2AA}
		{2899245B-7A74-40A8-9441-A8CD6A887633} = {1DBBED92-BD24-4C18-B63F-E699E95FB2AA}
		{55A783EC-BAC5-4E2E-99B9-80CD8DA8B8C5} = {1DBBED92-BD24-4C18-B63F-E699E95FB2AA}
		{CC098EAF-8CF1-444A-B20F-0AE70022AC06} = {8ACECA17-F49A-47D3-8A1B-68BC2B0C9687}
		{54DF4A3B-D9D6-4480-8B2F-306AAB5CE1B3} = {BE7E4AE3-AD84-422B-81C9-18331534317D}
		{6B6CB485-1A5E-4D0C-A851-5A842DEB31E7} = {54DF4A3B-D9D6-4480-8B2F-306AAB5CE1B3}
		{A501A615-31F5-48A0-8BA9-394F8564A81F} = {1DBBED92-BD24-4C18-B63F-E699E95FB2AA}
		{08614875-454A-441F-9DF3-CC0C49196EB0} = {1DBBED92-BD24-4C18-B63F-E699E95FB2AA}
		{1DCA2FEC-203D-4DD7-A0F1-6A2D637F5DD7} = {1DBBED92-BD24-4C18-B63F-E699E95FB2AA}
		{434328DB-B239-4C5A-B67E-B240432D836F} = {1DBBED92-BD24-4C18-B63F-E699E95FB2AA}
		{0E2556C8-1EBD-40F6-AEE2-A47575419A35} = {1DBBED92-BD24-4C18-B63F-E699E95FB2AA}
		{F63E7222-7C07-418B-B6B0-3CC0FF09372D} = {1DBBED92-BD24-4C18-B63F-E699E95FB2AA}
		{7884B903-6DB0-40D6-A9D2-A301869857E2} = {1DBBED92-BD24-4C18-B63F-E699E95FB2AA}
		{DA256971-AD07-4C55-BF82-ECA786817136} = {1DBBED92-BD24-4C18-B63F-E699E95FB2AA}
		{4E39B320-B6C3-4DA7-B6EF-3BA022A81F60} = {3DD125FB-DFEA-4DF5-A68A-41F6D59FDC19}
		{0F09A99B-7F9E-4C7A-AB8A-1500DFEC4092} = {3DD125FB-DFEA-4DF5-A68A-41F6D59FDC19}
		{8D0C1938-5F5C-480F-9F44-4C6C07EA36BB} = {4692CB51-7197-4611-8609-2FFB0A842B6C}
	EndGlobalSection
	GlobalSection(ExtensibilityGlobals) = postSolution
		SolutionGuid = {A0B2D1C5-C68C-4899-938A-E9CA74CB5ED5}
	EndGlobalSection
EndGlobal
