
Microsoft Visual Studio Solution File, Format Version 12.00
# Visual Studio Version 17
VisualStudioVersion = 17.0.31903.59
MinimumVisualStudioVersion = 10.0.40219.1
Project("{2150E333-8FDC-42A3-9474-1A3956D46DE8}") = "50. Tests", "50. Tests", "{918F6ECA-9663-4A56-BD86-F1786B173A39}"
EndProject
Project("{2150E333-8FDC-42A3-9474-1A3956D46DE8}") = "Solution Items", "Solution Items", "{0E084CA0-E8DE-49F1-826D-1E51C8399EB2}"
	ProjectSection(SolutionItems) = preProject
		.filenesting.json = .filenesting.json
		Directory.Build.props = Directory.Build.props
		Directory.Build.targets = Directory.Build.targets
	EndProjectSection
EndProject
Project("{2150E333-8FDC-42A3-9474-1A3956D46DE8}") = "60. Tools", "60. Tools", "{95B68FFB-F70F-45A3-8145-BB327588D1B9}"
EndProject
Project("{2150E333-8FDC-42A3-9474-1A3956D46DE8}") = "03. Samplesv3", "03. Samplesv3", "{BE7E4AE3-AD84-422B-81C9-18331534317D}"
EndProject
Project("{2150E333-8FDC-42A3-9474-1A3956D46DE8}") = "01. Wpf", "01. Wpf", "{4692CB51-7197-4611-8609-2FFB0A842B6C}"
EndProject
Project("{2150E333-8FDC-42A3-9474-1A3956D46DE8}") = "00. Console", "00. Console", "{8ACECA17-F49A-47D3-8A1B-68BC2B0C9687}"
EndProject
Project("{2150E333-8FDC-42A3-9474-1A3956D46DE8}") = "00. Linqpad", "00. Linqpad", "{90518A07-C4AF-439B-AFF6-E6B5D5628D5C}"
EndProject
Project("{2150E333-8FDC-42A3-9474-1A3956D46DE8}") = "99. Other", "99. Other", "{D0B46420-0CCF-455C-A5B7-F7D1AC0A12B3}"
EndProject
Project("{9A19103F-16F7-4668-BE54-9A1E7A4F7556}") = "SampleConsoleApp", "Samplesv3\00. Console\SampleConsoleApp\SampleConsoleApp.csproj", "{4C0AB8D6-7383-4A1F-BAF4-D456A76211D5}"
EndProject
Project("{2150E333-8FDC-42A3-9474-1A3956D46DE8}") = "02. WebApi", "02. WebApi", "{B8DAC1F8-678C-4409-8B53-478A0BB9C208}"
EndProject
Project("{9A19103F-16F7-4668-BE54-9A1E7A4F7556}") = "SampleWebApi", "Samplesv3\02. WebApi\SampleWebApi\SampleWebApi.csproj", "{9D4E1CCC-78FD-45F8-93CC-F248CD9718F6}"
EndProject
Project("{9A19103F-16F7-4668-BE54-9A1E7A4F7556}") = "EasySample600v3", "Samplesv3\01. wpf\EasySample600v3\EasySample600v3.csproj", "{C7B09552-46A9-4AE7-B48F-195A55657271}"
EndProject
Project("{FAE04EC0-301F-11D3-BF4B-00C04F79EFBC}") = "EasySample480v3", "Samplesv3\01. wpf\EasySample480v3\EasySample480v3.csproj", "{6AF60434-7EAC-46C9-9F38-CB5C3A5BC8F5}"
EndProject
Project("{9A19103F-16F7-4668-BE54-9A1E7A4F7556}") = "EasySample800v3", "Samplesv3\01. wpf\EasySample800v3\EasySample800v3.csproj", "{5C062259-716B-43A0-AC56-A9561C8CFC69}"
EndProject
Global
	GlobalSection(SolutionConfigurationPlatforms) = preSolution
		Debug|Any CPU = Debug|Any CPU
		Release|Any CPU = Release|Any CPU
	EndGlobalSection
	GlobalSection(ProjectConfigurationPlatforms) = postSolution
		{4C0AB8D6-7383-4A1F-BAF4-D456A76211D5}.Debug|Any CPU.ActiveCfg = Debug|Any CPU
		{4C0AB8D6-7383-4A1F-BAF4-D456A76211D5}.Debug|Any CPU.Build.0 = Debug|Any CPU
		{4C0AB8D6-7383-4A1F-BAF4-D456A76211D5}.Release|Any CPU.ActiveCfg = Release|Any CPU
		{4C0AB8D6-7383-4A1F-BAF4-D456A76211D5}.Release|Any CPU.Build.0 = Release|Any CPU
		{9D4E1CCC-78FD-45F8-93CC-F248CD9718F6}.Debug|Any CPU.ActiveCfg = Debug|Any CPU
		{9D4E1CCC-78FD-45F8-93CC-F248CD9718F6}.Debug|Any CPU.Build.0 = Debug|Any CPU
		{9D4E1CCC-78FD-45F8-93CC-F248CD9718F6}.Release|Any CPU.ActiveCfg = Release|Any CPU
		{9D4E1CCC-78FD-45F8-93CC-F248CD9718F6}.Release|Any CPU.Build.0 = Release|Any CPU
		{C7B09552-46A9-4AE7-B48F-195A55657271}.Debug|Any CPU.ActiveCfg = Debug|Any CPU
		{C7B09552-46A9-4AE7-B48F-195A55657271}.Debug|Any CPU.Build.0 = Debug|Any CPU
		{C7B09552-46A9-4AE7-B48F-195A55657271}.Release|Any CPU.ActiveCfg = Release|Any CPU
		{C7B09552-46A9-4AE7-B48F-195A55657271}.Release|Any CPU.Build.0 = Release|Any CPU
		{6AF60434-7EAC-46C9-9F38-CB5C3A5BC8F5}.Debug|Any CPU.ActiveCfg = Debug|Any CPU
		{6AF60434-7EAC-46C9-9F38-CB5C3A5BC8F5}.Debug|Any CPU.Build.0 = Debug|Any CPU
		{6AF60434-7EAC-46C9-9F38-CB5C3A5BC8F5}.Release|Any CPU.ActiveCfg = Release|Any CPU
		{6AF60434-7EAC-46C9-9F38-CB5C3A5BC8F5}.Release|Any CPU.Build.0 = Release|Any CPU
		{5C062259-716B-43A0-AC56-A9561C8CFC69}.Debug|Any CPU.ActiveCfg = Debug|Any CPU
		{5C062259-716B-43A0-AC56-A9561C8CFC69}.Debug|Any CPU.Build.0 = Debug|Any CPU
		{5C062259-716B-43A0-AC56-A9561C8CFC69}.Release|Any CPU.ActiveCfg = Release|Any CPU
		{5C062259-716B-43A0-AC56-A9561C8CFC69}.Release|Any CPU.Build.0 = Release|Any CPU
	EndGlobalSection
	GlobalSection(SolutionProperties) = preSolution
		HideSolutionNode = FALSE
	EndGlobalSection
	GlobalSection(NestedProjects) = preSolution
		{4692CB51-7197-4611-8609-2FFB0A842B6C} = {BE7E4AE3-AD84-422B-81C9-18331534317D}
		{8ACECA17-F49A-47D3-8A1B-68BC2B0C9687} = {BE7E4AE3-AD84-422B-81C9-18331534317D}
		{90518A07-C4AF-439B-AFF6-E6B5D5628D5C} = {BE7E4AE3-AD84-422B-81C9-18331534317D}
		{4C0AB8D6-7383-4A1F-BAF4-D456A76211D5} = {8ACECA17-F49A-47D3-8A1B-68BC2B0C9687}
		{B8DAC1F8-678C-4409-8B53-478A0BB9C208} = {BE7E4AE3-AD84-422B-81C9-18331534317D}
		{9D4E1CCC-78FD-45F8-93CC-F248CD9718F6} = {B8DAC1F8-678C-4409-8B53-478A0BB9C208}
		{C7B09552-46A9-4AE7-B48F-195A55657271} = {4692CB51-7197-4611-8609-2FFB0A842B6C}
		{6AF60434-7EAC-46C9-9F38-CB5C3A5BC8F5} = {4692CB51-7197-4611-8609-2FFB0A842B6C}
		{5C062259-716B-43A0-AC56-A9561C8CFC69} = {4692CB51-7197-4611-8609-2FFB0A842B6C}
	EndGlobalSection
	GlobalSection(ExtensibilityGlobals) = postSolution
		SolutionGuid = {A0B2D1C5-C68C-4899-938A-E9CA74CB5ED5}
	EndGlobalSection
EndGlobal
