
Microsoft Visual Studio Solution File, Format Version 12.00
# Visual Studio Version 17
VisualStudioVersion = 17.0.31903.59
MinimumVisualStudioVersion = 10.0.40219.1
Project("{2150E333-8FDC-42A3-9474-1A3956D46DE8}") = "50. Tests", "50. Tests", "{918F6ECA-9663-4A56-BD86-F1786B173A39}"
EndProject
Project("{2150E333-8FDC-42A3-9474-1A3956D46DE8}") = "Solution Items", "Solution Items", "{0E084CA0-E8DE-49F1-826D-1E51C8399EB2}"
	ProjectSection(SolutionItems) = preProject
		.editorconfig = .editorconfig
		.filenesting.json = .filenesting.json
		Directory.Build.props = Directory.Build.props
		Directory.Build.targets = Directory.Build.targets
	EndProjectSection
EndProject
Project("{2150E333-8FDC-42A3-9474-1A3956D46DE8}") = "60. Tools", "60. Tools", "{95B68FFB-F70F-45A3-8145-BB327588D1B9}"
EndProject
Project("{2150E333-8FDC-42A3-9474-1A3956D46DE8}") = "03. Samplesv3", "03. Samplesv3", "{BE7E4AE3-AD84-422B-81C9-18331534317D}"
EndProject
Project("{2150E333-8FDC-42A3-9474-1A3956D46DE8}") = "01. Wpf", "01. Wpf", "{4692CB51-7197-4611-8609-2FFB0A842B6C}"
EndProject
Project("{2150E333-8FDC-42A3-9474-1A3956D46DE8}") = "00. Console", "00. Console", "{8ACECA17-F49A-47D3-8A1B-68BC2B0C9687}"
EndProject
Project("{2150E333-8FDC-42A3-9474-1A3956D46DE8}") = "00. Linqpad", "00. Linqpad", "{90518A07-C4AF-439B-AFF6-E6B5D5628D5C}"
EndProject
Project("{2150E333-8FDC-42A3-9474-1A3956D46DE8}") = "99. Other", "99. Other", "{D0B46420-0CCF-455C-A5B7-F7D1AC0A12B3}"
EndProject
Project("{9A19103F-16F7-4668-BE54-9A1E7A4F7556}") = "SampleConsoleApp", "Samplesv3\00. Console\SampleConsoleApp\SampleConsoleApp.csproj", "{4C0AB8D6-7383-4A1F-BAF4-D456A76211D5}"
EndProject
Project("{2150E333-8FDC-42A3-9474-1A3956D46DE8}") = "02. WebApi", "02. WebApi", "{B8DAC1F8-678C-4409-8B53-478A0BB9C208}"
EndProject
Project("{9A19103F-16F7-4668-BE54-9A1E7A4F7556}") = "SampleWebApi", "Samplesv3\02. WebApi\SampleWebApi\SampleWebApi.csproj", "{9D4E1CCC-78FD-45F8-93CC-F248CD9718F6}"
EndProject
Project("{9A19103F-16F7-4668-BE54-9A1E7A4F7556}") = "EasySample600v3", "Samplesv3\01. wpf\EasySample600v3\EasySample600v3.csproj", "{C7B09552-46A9-4AE7-B48F-195A55657271}"
EndProject
Project("{9A19103F-16F7-4668-BE54-9A1E7A4F7556}") = "EasySample480v3", "Samplesv3\01. wpf\EasySample480v3\EasySample480v3.csproj", "{6AF60434-7EAC-46C9-9F38-CB5C3A5BC8F5}"
EndProject
Project("{2150E333-8FDC-42A3-9474-1A3956D46DE8}") = "02.01 Aspnet", "02.01 Aspnet", "{54020E43-0805-4DBC-81C6-6AAD016F5136}"
EndProject
Project("{9A19103F-16F7-4668-BE54-9A1E7A4F7556}") = "SampleBlazorApp", "Samplesv3\02.01 Aspnet\SampleBlazorApp\SampleBlazorApp\SampleBlazorApp.csproj", "{71EAC9F0-1351-4344-BD38-292495FC6267}"
EndProject
Project("{9A19103F-16F7-4668-BE54-9A1E7A4F7556}") = "SampleBlazorApp.Client", "Samplesv3\02.01 Aspnet\SampleBlazorApp\SampleBlazorApp.Client\SampleBlazorApp.Client.csproj", "{4617AEBE-141D-44B4-B8EE-6AAB28AABF89}"
EndProject
Project("{9A19103F-16F7-4668-BE54-9A1E7A4F7556}") = "SampleBlazorWebApp", "Samplesv3\02.01 Aspnet\SampleBlazorWebApp\SampleBlazorWebApp\SampleBlazorWebApp.csproj", "{6A27833B-7A01-4E0B-8AB0-1454C5E0729D}"
EndProject
Project("{9A19103F-16F7-4668-BE54-9A1E7A4F7556}") = "SampleBlazorWebApp.Client", "Samplesv3\02.01 Aspnet\SampleBlazorWebApp\SampleBlazorWebApp.Client\SampleBlazorWebApp.Client.csproj", "{5A0E3C06-FA37-4F06-B3D7-1B81E6105A7C}"
EndProject
Project("{9A19103F-16F7-4668-BE54-9A1E7A4F7556}") = "SampleBlazorAppClient", "Samplesv3\02.01 Aspnet\SampleBlazorAppClient\SampleBlazorAppClient.csproj", "{0EB2C837-55A2-43F5-BDF3-BF3EB946CE07}"
EndProject
Project("{9A19103F-16F7-4668-BE54-9A1E7A4F7556}") = "SampleBlazorAuthenticatedApp", "Samplesv3\02.01 Aspnet\SampleBlazorAuthenticatedApp\SampleBlazorAuthenticatedApp\SampleBlazorAuthenticatedApp.csproj", "{6D1D9C49-52D8-4E20-80F6-D8219AD1C4DA}"
EndProject
Project("{9A19103F-16F7-4668-BE54-9A1E7A4F7556}") = "SampleBlazorAuthenticatedApp.Client", "Samplesv3\02.01 Aspnet\SampleBlazorAuthenticatedApp\SampleBlazorAuthenticatedApp.Client\SampleBlazorAuthenticatedApp.Client.csproj", "{220F1A31-6C6B-45F9-AA55-9AA2F150EC9C}"
EndProject
Global
	GlobalSection(SolutionConfigurationPlatforms) = preSolution
		Debug|Any CPU = Debug|Any CPU
		Release|Any CPU = Release|Any CPU
	EndGlobalSection
	GlobalSection(ProjectConfigurationPlatforms) = postSolution
		{4C0AB8D6-7383-4A1F-BAF4-D456A76211D5}.Debug|Any CPU.ActiveCfg = Debug|Any CPU
		{4C0AB8D6-7383-4A1F-BAF4-D456A76211D5}.Debug|Any CPU.Build.0 = Debug|Any CPU
		{4C0AB8D6-7383-4A1F-BAF4-D456A76211D5}.Release|Any CPU.ActiveCfg = Release|Any CPU
		{4C0AB8D6-7383-4A1F-BAF4-D456A76211D5}.Release|Any CPU.Build.0 = Release|Any CPU
		{9D4E1CCC-78FD-45F8-93CC-F248CD9718F6}.Debug|Any CPU.ActiveCfg = Debug|Any CPU
		{9D4E1CCC-78FD-45F8-93CC-F248CD9718F6}.Debug|Any CPU.Build.0 = Debug|Any CPU
		{9D4E1CCC-78FD-45F8-93CC-F248CD9718F6}.Release|Any CPU.ActiveCfg = Release|Any CPU
		{9D4E1CCC-78FD-45F8-93CC-F248CD9718F6}.Release|Any CPU.Build.0 = Release|Any CPU
		{C7B09552-46A9-4AE7-B48F-195A55657271}.Debug|Any CPU.ActiveCfg = Debug|Any CPU
		{C7B09552-46A9-4AE7-B48F-195A55657271}.Debug|Any CPU.Build.0 = Debug|Any CPU
		{C7B09552-46A9-4AE7-B48F-195A55657271}.Release|Any CPU.ActiveCfg = Release|Any CPU
		{C7B09552-46A9-4AE7-B48F-195A55657271}.Release|Any CPU.Build.0 = Release|Any CPU
		{6AF60434-7EAC-46C9-9F38-CB5C3A5BC8F5}.Debug|Any CPU.ActiveCfg = Debug|Any CPU
		{6AF60434-7EAC-46C9-9F38-CB5C3A5BC8F5}.Debug|Any CPU.Build.0 = Debug|Any CPU
		{6AF60434-7EAC-46C9-9F38-CB5C3A5BC8F5}.Release|Any CPU.ActiveCfg = Release|Any CPU
		{6AF60434-7EAC-46C9-9F38-CB5C3A5BC8F5}.Release|Any CPU.Build.0 = Release|Any CPU
		{71EAC9F0-1351-4344-BD38-292495FC6267}.Debug|Any CPU.ActiveCfg = Debug|Any CPU
		{71EAC9F0-1351-4344-BD38-292495FC6267}.Debug|Any CPU.Build.0 = Debug|Any CPU
		{71EAC9F0-1351-4344-BD38-292495FC6267}.Release|Any CPU.ActiveCfg = Release|Any CPU
		{71EAC9F0-1351-4344-BD38-292495FC6267}.Release|Any CPU.Build.0 = Release|Any CPU
		{4617AEBE-141D-44B4-B8EE-6AAB28AABF89}.Debug|Any CPU.ActiveCfg = Debug|Any CPU
		{4617AEBE-141D-44B4-B8EE-6AAB28AABF89}.Debug|Any CPU.Build.0 = Debug|Any CPU
		{4617AEBE-141D-44B4-B8EE-6AAB28AABF89}.Release|Any CPU.ActiveCfg = Release|Any CPU
		{4617AEBE-141D-44B4-B8EE-6AAB28AABF89}.Release|Any CPU.Build.0 = Release|Any CPU
		{6A27833B-7A01-4E0B-8AB0-1454C5E0729D}.Debug|Any CPU.ActiveCfg = Debug|Any CPU
		{6A27833B-7A01-4E0B-8AB0-1454C5E0729D}.Debug|Any CPU.Build.0 = Debug|Any CPU
		{6A27833B-7A01-4E0B-8AB0-1454C5E0729D}.Release|Any CPU.ActiveCfg = Release|Any CPU
		{6A27833B-7A01-4E0B-8AB0-1454C5E0729D}.Release|Any CPU.Build.0 = Release|Any CPU
		{5A0E3C06-FA37-4F06-B3D7-1B81E6105A7C}.Debug|Any CPU.ActiveCfg = Debug|Any CPU
		{5A0E3C06-FA37-4F06-B3D7-1B81E6105A7C}.Debug|Any CPU.Build.0 = Debug|Any CPU
		{5A0E3C06-FA37-4F06-B3D7-1B81E6105A7C}.Release|Any CPU.ActiveCfg = Release|Any CPU
		{5A0E3C06-FA37-4F06-B3D7-1B81E6105A7C}.Release|Any CPU.Build.0 = Release|Any CPU
		{0EB2C837-55A2-43F5-BDF3-BF3EB946CE07}.Debug|Any CPU.ActiveCfg = Debug|Any CPU
		{0EB2C837-55A2-43F5-BDF3-BF3EB946CE07}.Debug|Any CPU.Build.0 = Debug|Any CPU
		{0EB2C837-55A2-43F5-BDF3-BF3EB946CE07}.Release|Any CPU.ActiveCfg = Release|Any CPU
		{0EB2C837-55A2-43F5-BDF3-BF3EB946CE07}.Release|Any CPU.Build.0 = Release|Any CPU
		{6D1D9C49-52D8-4E20-80F6-D8219AD1C4DA}.Debug|Any CPU.ActiveCfg = Debug|Any CPU
		{6D1D9C49-52D8-4E20-80F6-D8219AD1C4DA}.Debug|Any CPU.Build.0 = Debug|Any CPU
		{6D1D9C49-52D8-4E20-80F6-D8219AD1C4DA}.Release|Any CPU.ActiveCfg = Release|Any CPU
		{6D1D9C49-52D8-4E20-80F6-D8219AD1C4DA}.Release|Any CPU.Build.0 = Release|Any CPU
		{220F1A31-6C6B-45F9-AA55-9AA2F150EC9C}.Debug|Any CPU.ActiveCfg = Debug|Any CPU
		{220F1A31-6C6B-45F9-AA55-9AA2F150EC9C}.Debug|Any CPU.Build.0 = Debug|Any CPU
		{220F1A31-6C6B-45F9-AA55-9AA2F150EC9C}.Release|Any CPU.ActiveCfg = Release|Any CPU
		{220F1A31-6C6B-45F9-AA55-9AA2F150EC9C}.Release|Any CPU.Build.0 = Release|Any CPU
	EndGlobalSection
	GlobalSection(SolutionProperties) = preSolution
		HideSolutionNode = FALSE
	EndGlobalSection
	GlobalSection(NestedProjects) = preSolution
		{4692CB51-7197-4611-8609-2FFB0A842B6C} = {BE7E4AE3-AD84-422B-81C9-18331534317D}
		{8ACECA17-F49A-47D3-8A1B-68BC2B0C9687} = {BE7E4AE3-AD84-422B-81C9-18331534317D}
		{90518A07-C4AF-439B-AFF6-E6B5D5628D5C} = {BE7E4AE3-AD84-422B-81C9-18331534317D}
		{4C0AB8D6-7383-4A1F-BAF4-D456A76211D5} = {8ACECA17-F49A-47D3-8A1B-68BC2B0C9687}
		{B8DAC1F8-678C-4409-8B53-478A0BB9C208} = {BE7E4AE3-AD84-422B-81C9-18331534317D}
		{9D4E1CCC-78FD-45F8-93CC-F248CD9718F6} = {B8DAC1F8-678C-4409-8B53-478A0BB9C208}
		{C7B09552-46A9-4AE7-B48F-195A55657271} = {4692CB51-7197-4611-8609-2FFB0A842B6C}
		{6AF60434-7EAC-46C9-9F38-CB5C3A5BC8F5} = {4692CB51-7197-4611-8609-2FFB0A842B6C}
		{54020E43-0805-4DBC-81C6-6AAD016F5136} = {BE7E4AE3-AD84-422B-81C9-18331534317D}
		{71EAC9F0-1351-4344-BD38-292495FC6267} = {54020E43-0805-4DBC-81C6-6AAD016F5136}
		{4617AEBE-141D-44B4-B8EE-6AAB28AABF89} = {54020E43-0805-4DBC-81C6-6AAD016F5136}
		{6A27833B-7A01-4E0B-8AB0-1454C5E0729D} = {54020E43-0805-4DBC-81C6-6AAD016F5136}
		{5A0E3C06-FA37-4F06-B3D7-1B81E6105A7C} = {54020E43-0805-4DBC-81C6-6AAD016F5136}
		{0EB2C837-55A2-43F5-BDF3-BF3EB946CE07} = {54020E43-0805-4DBC-81C6-6AAD016F5136}
		{6D1D9C49-52D8-4E20-80F6-D8219AD1C4DA} = {54020E43-0805-4DBC-81C6-6AAD016F5136}
		{220F1A31-6C6B-45F9-AA55-9AA2F150EC9C} = {54020E43-0805-4DBC-81C6-6AAD016F5136}
	EndGlobalSection
	GlobalSection(ExtensibilityGlobals) = postSolution
		SolutionGuid = {A0B2D1C5-C68C-4899-938A-E9CA74CB5ED5}
	EndGlobalSection
EndGlobal
