
Microsoft Visual Studio Solution File, Format Version 12.00
# Visual Studio Version 17
VisualStudioVersion = 17.0.31903.59
MinimumVisualStudioVersion = 10.0.40219.1
Project("{2150E333-8FDC-42A3-9474-1A3956D46DE8}") = "Tests", "Tests", "{918F6ECA-9663-4A56-BD86-F1786B173A39}"
EndProject
Project("{2150E333-8FDC-42A3-9474-1A3956D46DE8}") = "Solution Items", "Solution Items", "{0E084CA0-E8DE-49F1-826D-1E51C8399EB2}"
	ProjectSection(SolutionItems) = preProject
		.filenesting.json = .filenesting.json
		Directory.Build.props = Directory.Build.props
		Directory.Build.targets = Directory.Build.targets
	EndProjectSection
EndProject
Project("{2150E333-8FDC-42A3-9474-1A3956D46DE8}") = "_ext", "_ext", "{1DBBED92-BD24-4C18-B63F-E699E95FB2AA}"
EndProject
Project("{2150E333-8FDC-42A3-9474-1A3956D46DE8}") = "_logstring", "_logstring", "{9C92F38F-7DB3-48B9-BAE0-73BDB8399F4E}"
EndProject
Project("{2150E333-8FDC-42A3-9474-1A3956D46DE8}") = "Tools", "Tools", "{95B68FFB-F70F-45A3-8145-BB327588D1B9}"
EndProject
Project("{2150E333-8FDC-42A3-9474-1A3956D46DE8}") = "03. Samplesv3", "03. Samplesv3", "{BE7E4AE3-AD84-422B-81C9-18331534317D}"
EndProject
Project("{2150E333-8FDC-42A3-9474-1A3956D46DE8}") = "01. Wpf", "01. Wpf", "{4692CB51-7197-4611-8609-2FFB0A842B6C}"
EndProject
Project("{9A19103F-16F7-4668-BE54-9A1E7A4F7556}") = "EasySample600v3", "Samplesv3\01. wpf\EasySample600v3\EasySample600v3.csproj", "{30F520F4-71CC-4209-BA0F-0E058D81A5D1}"
EndProject
Project("{2150E333-8FDC-42A3-9474-1A3956D46DE8}") = "00. Console", "00. Console", "{8ACECA17-F49A-47D3-8A1B-68BC2B0C9687}"
EndProject
Project("{2150E333-8FDC-42A3-9474-1A3956D46DE8}") = "00. Linqpad", "00. Linqpad", "{90518A07-C4AF-439B-AFF6-E6B5D5628D5C}"
EndProject
Project("{9A19103F-16F7-4668-BE54-9A1E7A4F7556}") = "Diginsight.Core", "..\telemetry\src\Diginsight.Core\Diginsight.Core.csproj", "{00FC4E01-1188-465C-BE5D-CC7B0F322CD0}"
EndProject
Project("{9A19103F-16F7-4668-BE54-9A1E7A4F7556}") = "Diginsight.AspNetCore", "..\telemetry\src\Diginsight.AspNetCore\Diginsight.AspNetCore.csproj", "{D15F833B-C6B1-4D53-B488-70644DC5FD6F}"
EndProject
Project("{9A19103F-16F7-4668-BE54-9A1E7A4F7556}") = "Diginsight.Diagnostics", "..\telemetry\src\Diginsight.Diagnostics\Diginsight.Diagnostics.csproj", "{FFB2D1EA-0F80-44FB-A6A4-8B79B06EEBD7}"
EndProject
Project("{9A19103F-16F7-4668-BE54-9A1E7A4F7556}") = "Diginsight.Diagnostics.Log4Net", "..\telemetry\src\Diginsight.Diagnostics.Log4Net\Diginsight.Diagnostics.Log4Net.csproj", "{AFC27BB9-D3E2-4BF9-B619-9B18D31C5022}"
EndProject
Project("{9A19103F-16F7-4668-BE54-9A1E7A4F7556}") = "Diginsight.SmartCache", "..\smartcache\src\Diginsight.SmartCache\Diginsight.SmartCache.csproj", "{2EC7D735-F2AF-48B7-9C60-722993872EC4}"
EndProject
Project("{9A19103F-16F7-4668-BE54-9A1E7A4F7556}") = "SampleConsoleApp", "Samplesv3\00. Console\SampleConsoleApp\SampleConsoleApp.csproj", "{CC098EAF-8CF1-444A-B20F-0AE70022AC06}"
EndProject
Project("{2150E333-8FDC-42A3-9474-1A3956D46DE8}") = "02. WebAPI", "02. WebAPI", "{54DF4A3B-D9D6-4480-8B2F-306AAB5CE1B3}"
EndProject
Project("{9A19103F-16F7-4668-BE54-9A1E7A4F7556}") = "SampleWebApi", "Samplesv3\02. WebApi\SampleWebApi\SampleWebApi.csproj", "{6B6CB485-1A5E-4D0C-A851-5A842DEB31E7}"
EndProject
Project("{9A19103F-16F7-4668-BE54-9A1E7A4F7556}") = "Diginsight.Diagnostics.AspNetCore", "..\telemetry\src\Diginsight.Diagnostics.AspNetCore\Diginsight.Diagnostics.AspNetCore.csproj", "{EC49498C-543F-41C6-A169-D0762696FCD1}"
EndProject
Project("{9A19103F-16F7-4668-BE54-9A1E7A4F7556}") = "Diginsight.Diagnostics.AspNetCore.OpenTelemetry", "..\telemetry\src\Diginsight.Diagnostics.AspNetCore.OpenTelemetry\Diginsight.Diagnostics.AspNetCore.OpenTelemetry.csproj", "{C16A635B-FA0E-432C-B509-3B4E18F8D72D}"
EndProject
Project("{9A19103F-16F7-4668-BE54-9A1E7A4F7556}") = "Diginsight.Diagnostics.OpenTelemetry", "..\telemetry\src\Diginsight.Diagnostics.OpenTelemetry\Diginsight.Diagnostics.OpenTelemetry.csproj", "{E7D24304-6095-4C5D-8B71-BC284F735130}"
EndProject
Project("{9A19103F-16F7-4668-BE54-9A1E7A4F7556}") = "Diginsight.Polyfills", "..\telemetry\src\Diginsight.Polyfills\Diginsight.Polyfills.csproj", "{51C4695D-AEE5-4AC5-A96D-A2725E9C978D}"
EndProject
Global
	GlobalSection(SolutionConfigurationPlatforms) = preSolution
		Debug|Any CPU = Debug|Any CPU
		DebugWithProjectReferences|Any CPU = DebugWithProjectReferences|Any CPU
		Release|Any CPU = Release|Any CPU
	EndGlobalSection
	GlobalSection(ProjectConfigurationPlatforms) = postSolution
		{30F520F4-71CC-4209-BA0F-0E058D81A5D1}.Debug|Any CPU.ActiveCfg = Debug|Any CPU
		{30F520F4-71CC-4209-BA0F-0E058D81A5D1}.Debug|Any CPU.Build.0 = Debug|Any CPU
		{30F520F4-71CC-4209-BA0F-0E058D81A5D1}.DebugWithProjectReferences|Any CPU.ActiveCfg = Debug|Any CPU
		{30F520F4-71CC-4209-BA0F-0E058D81A5D1}.DebugWithProjectReferences|Any CPU.Build.0 = Debug|Any CPU
		{30F520F4-71CC-4209-BA0F-0E058D81A5D1}.Release|Any CPU.ActiveCfg = Release|Any CPU
		{30F520F4-71CC-4209-BA0F-0E058D81A5D1}.Release|Any CPU.Build.0 = Release|Any CPU
		{00FC4E01-1188-465C-BE5D-CC7B0F322CD0}.Debug|Any CPU.ActiveCfg = Debug|Any CPU
		{00FC4E01-1188-465C-BE5D-CC7B0F322CD0}.Debug|Any CPU.Build.0 = Debug|Any CPU
		{00FC4E01-1188-465C-BE5D-CC7B0F322CD0}.DebugWithProjectReferences|Any CPU.ActiveCfg = Debug|Any CPU
		{00FC4E01-1188-465C-BE5D-CC7B0F322CD0}.DebugWithProjectReferences|Any CPU.Build.0 = Debug|Any CPU
		{00FC4E01-1188-465C-BE5D-CC7B0F322CD0}.Release|Any CPU.ActiveCfg = Release|Any CPU
		{00FC4E01-1188-465C-BE5D-CC7B0F322CD0}.Release|Any CPU.Build.0 = Release|Any CPU
		{D15F833B-C6B1-4D53-B488-70644DC5FD6F}.Debug|Any CPU.ActiveCfg = Debug|Any CPU
		{D15F833B-C6B1-4D53-B488-70644DC5FD6F}.Debug|Any CPU.Build.0 = Debug|Any CPU
		{D15F833B-C6B1-4D53-B488-70644DC5FD6F}.DebugWithProjectReferences|Any CPU.ActiveCfg = Debug|Any CPU
		{D15F833B-C6B1-4D53-B488-70644DC5FD6F}.DebugWithProjectReferences|Any CPU.Build.0 = Debug|Any CPU
		{D15F833B-C6B1-4D53-B488-70644DC5FD6F}.Release|Any CPU.ActiveCfg = Release|Any CPU
		{D15F833B-C6B1-4D53-B488-70644DC5FD6F}.Release|Any CPU.Build.0 = Release|Any CPU
		{FFB2D1EA-0F80-44FB-A6A4-8B79B06EEBD7}.Debug|Any CPU.ActiveCfg = Debug|Any CPU
		{FFB2D1EA-0F80-44FB-A6A4-8B79B06EEBD7}.Debug|Any CPU.Build.0 = Debug|Any CPU
		{FFB2D1EA-0F80-44FB-A6A4-8B79B06EEBD7}.DebugWithProjectReferences|Any CPU.ActiveCfg = Debug|Any CPU
		{FFB2D1EA-0F80-44FB-A6A4-8B79B06EEBD7}.DebugWithProjectReferences|Any CPU.Build.0 = Debug|Any CPU
		{FFB2D1EA-0F80-44FB-A6A4-8B79B06EEBD7}.Release|Any CPU.ActiveCfg = Release|Any CPU
		{FFB2D1EA-0F80-44FB-A6A4-8B79B06EEBD7}.Release|Any CPU.Build.0 = Release|Any CPU
		{AFC27BB9-D3E2-4BF9-B619-9B18D31C5022}.Debug|Any CPU.ActiveCfg = Debug|Any CPU
		{AFC27BB9-D3E2-4BF9-B619-9B18D31C5022}.Debug|Any CPU.Build.0 = Debug|Any CPU
		{AFC27BB9-D3E2-4BF9-B619-9B18D31C5022}.DebugWithProjectReferences|Any CPU.ActiveCfg = Debug|Any CPU
		{AFC27BB9-D3E2-4BF9-B619-9B18D31C5022}.DebugWithProjectReferences|Any CPU.Build.0 = Debug|Any CPU
		{AFC27BB9-D3E2-4BF9-B619-9B18D31C5022}.Release|Any CPU.ActiveCfg = Release|Any CPU
		{AFC27BB9-D3E2-4BF9-B619-9B18D31C5022}.Release|Any CPU.Build.0 = Release|Any CPU
		{2EC7D735-F2AF-48B7-9C60-722993872EC4}.Debug|Any CPU.ActiveCfg = Debug|Any CPU
		{2EC7D735-F2AF-48B7-9C60-722993872EC4}.Debug|Any CPU.Build.0 = Debug|Any CPU
		{2EC7D735-F2AF-48B7-9C60-722993872EC4}.DebugWithProjectReferences|Any CPU.ActiveCfg = Debug|Any CPU
		{2EC7D735-F2AF-48B7-9C60-722993872EC4}.DebugWithProjectReferences|Any CPU.Build.0 = Debug|Any CPU
		{2EC7D735-F2AF-48B7-9C60-722993872EC4}.Release|Any CPU.ActiveCfg = Release|Any CPU
		{2EC7D735-F2AF-48B7-9C60-722993872EC4}.Release|Any CPU.Build.0 = Release|Any CPU
		{CC098EAF-8CF1-444A-B20F-0AE70022AC06}.Debug|Any CPU.ActiveCfg = Debug|Any CPU
		{CC098EAF-8CF1-444A-B20F-0AE70022AC06}.Debug|Any CPU.Build.0 = Debug|Any CPU
		{CC098EAF-8CF1-444A-B20F-0AE70022AC06}.DebugWithProjectReferences|Any CPU.ActiveCfg = Debug|Any CPU
		{CC098EAF-8CF1-444A-B20F-0AE70022AC06}.DebugWithProjectReferences|Any CPU.Build.0 = Debug|Any CPU
		{CC098EAF-8CF1-444A-B20F-0AE70022AC06}.Release|Any CPU.ActiveCfg = Release|Any CPU
		{CC098EAF-8CF1-444A-B20F-0AE70022AC06}.Release|Any CPU.Build.0 = Release|Any CPU
		{6B6CB485-1A5E-4D0C-A851-5A842DEB31E7}.Debug|Any CPU.ActiveCfg = Debug|Any CPU
		{6B6CB485-1A5E-4D0C-A851-5A842DEB31E7}.Debug|Any CPU.Build.0 = Debug|Any CPU
		{6B6CB485-1A5E-4D0C-A851-5A842DEB31E7}.DebugWithProjectReferences|Any CPU.ActiveCfg = Debug|Any CPU
		{6B6CB485-1A5E-4D0C-A851-5A842DEB31E7}.DebugWithProjectReferences|Any CPU.Build.0 = Debug|Any CPU
		{6B6CB485-1A5E-4D0C-A851-5A842DEB31E7}.Release|Any CPU.ActiveCfg = Release|Any CPU
		{6B6CB485-1A5E-4D0C-A851-5A842DEB31E7}.Release|Any CPU.Build.0 = Release|Any CPU
		{EC49498C-543F-41C6-A169-D0762696FCD1}.Debug|Any CPU.ActiveCfg = Debug|Any CPU
		{EC49498C-543F-41C6-A169-D0762696FCD1}.Debug|Any CPU.Build.0 = Debug|Any CPU
		{EC49498C-543F-41C6-A169-D0762696FCD1}.DebugWithProjectReferences|Any CPU.ActiveCfg = Debug|Any CPU
		{EC49498C-543F-41C6-A169-D0762696FCD1}.DebugWithProjectReferences|Any CPU.Build.0 = Debug|Any CPU
		{EC49498C-543F-41C6-A169-D0762696FCD1}.Release|Any CPU.ActiveCfg = Release|Any CPU
		{EC49498C-543F-41C6-A169-D0762696FCD1}.Release|Any CPU.Build.0 = Release|Any CPU
		{C16A635B-FA0E-432C-B509-3B4E18F8D72D}.Debug|Any CPU.ActiveCfg = Debug|Any CPU
		{C16A635B-FA0E-432C-B509-3B4E18F8D72D}.Debug|Any CPU.Build.0 = Debug|Any CPU
		{C16A635B-FA0E-432C-B509-3B4E18F8D72D}.DebugWithProjectReferences|Any CPU.ActiveCfg = Debug|Any CPU
		{C16A635B-FA0E-432C-B509-3B4E18F8D72D}.DebugWithProjectReferences|Any CPU.Build.0 = Debug|Any CPU
		{C16A635B-FA0E-432C-B509-3B4E18F8D72D}.Release|Any CPU.ActiveCfg = Release|Any CPU
		{C16A635B-FA0E-432C-B509-3B4E18F8D72D}.Release|Any CPU.Build.0 = Release|Any CPU
		{E7D24304-6095-4C5D-8B71-BC284F735130}.Debug|Any CPU.ActiveCfg = Debug|Any CPU
		{E7D24304-6095-4C5D-8B71-BC284F735130}.Debug|Any CPU.Build.0 = Debug|Any CPU
		{E7D24304-6095-4C5D-8B71-BC284F735130}.DebugWithProjectReferences|Any CPU.ActiveCfg = Debug|Any CPU
		{E7D24304-6095-4C5D-8B71-BC284F735130}.DebugWithProjectReferences|Any CPU.Build.0 = Debug|Any CPU
		{E7D24304-6095-4C5D-8B71-BC284F735130}.Release|Any CPU.ActiveCfg = Release|Any CPU
		{E7D24304-6095-4C5D-8B71-BC284F735130}.Release|Any CPU.Build.0 = Release|Any CPU
		{51C4695D-AEE5-4AC5-A96D-A2725E9C978D}.Debug|Any CPU.ActiveCfg = Debug|Any CPU
		{51C4695D-AEE5-4AC5-A96D-A2725E9C978D}.Debug|Any CPU.Build.0 = Debug|Any CPU
		{51C4695D-AEE5-4AC5-A96D-A2725E9C978D}.DebugWithProjectReferences|Any CPU.ActiveCfg = Debug|Any CPU
		{51C4695D-AEE5-4AC5-A96D-A2725E9C978D}.DebugWithProjectReferences|Any CPU.Build.0 = Debug|Any CPU
		{51C4695D-AEE5-4AC5-A96D-A2725E9C978D}.Release|Any CPU.ActiveCfg = Release|Any CPU
		{51C4695D-AEE5-4AC5-A96D-A2725E9C978D}.Release|Any CPU.Build.0 = Release|Any CPU
	EndGlobalSection
	GlobalSection(SolutionProperties) = preSolution
		HideSolutionNode = FALSE
	EndGlobalSection
	GlobalSection(NestedProjects) = preSolution
		{4692CB51-7197-4611-8609-2FFB0A842B6C} = {BE7E4AE3-AD84-422B-81C9-18331534317D}
		{30F520F4-71CC-4209-BA0F-0E058D81A5D1} = {4692CB51-7197-4611-8609-2FFB0A842B6C}
		{8ACECA17-F49A-47D3-8A1B-68BC2B0C9687} = {BE7E4AE3-AD84-422B-81C9-18331534317D}
		{90518A07-C4AF-439B-AFF6-E6B5D5628D5C} = {BE7E4AE3-AD84-422B-81C9-18331534317D}
		{00FC4E01-1188-465C-BE5D-CC7B0F322CD0} = {1DBBED92-BD24-4C18-B63F-E699E95FB2AA}
		{D15F833B-C6B1-4D53-B488-70644DC5FD6F} = {1DBBED92-BD24-4C18-B63F-E699E95FB2AA}
		{FFB2D1EA-0F80-44FB-A6A4-8B79B06EEBD7} = {1DBBED92-BD24-4C18-B63F-E699E95FB2AA}
		{AFC27BB9-D3E2-4BF9-B619-9B18D31C5022} = {1DBBED92-BD24-4C18-B63F-E699E95FB2AA}
		{2EC7D735-F2AF-48B7-9C60-722993872EC4} = {1DBBED92-BD24-4C18-B63F-E699E95FB2AA}
		{CC098EAF-8CF1-444A-B20F-0AE70022AC06} = {8ACECA17-F49A-47D3-8A1B-68BC2B0C9687}
		{54DF4A3B-D9D6-4480-8B2F-306AAB5CE1B3} = {BE7E4AE3-AD84-422B-81C9-18331534317D}
		{6B6CB485-1A5E-4D0C-A851-5A842DEB31E7} = {54DF4A3B-D9D6-4480-8B2F-306AAB5CE1B3}
		{EC49498C-543F-41C6-A169-D0762696FCD1} = {1DBBED92-BD24-4C18-B63F-E699E95FB2AA}
		{C16A635B-FA0E-432C-B509-3B4E18F8D72D} = {1DBBED92-BD24-4C18-B63F-E699E95FB2AA}
		{E7D24304-6095-4C5D-8B71-BC284F735130} = {1DBBED92-BD24-4C18-B63F-E699E95FB2AA}
		{51C4695D-AEE5-4AC5-A96D-A2725E9C978D} = {1DBBED92-BD24-4C18-B63F-E699E95FB2AA}
	EndGlobalSection
	GlobalSection(ExtensibilityGlobals) = postSolution
		SolutionGuid = {A0B2D1C5-C68C-4899-938A-E9CA74CB5ED5}
	EndGlobalSection
EndGlobal
