{
  "version": 1,
  "dependencies": {
    "net8.0": {
      "Microsoft.AspNetCore.Components.WebAssembly": {
        "type": "Direct",
        "requested": "[8.*, )",
        "resolved": "8.0.6",
        "contentHash": "plmMOmOR33hQiEe5TeEfheuvifEslDrcilAytLUYxQ8pcvuoTtcpyMe8cEnrozoQ0q77WhDuprl5kKpMH+h2/g==",
        "dependencies": {
          "Microsoft.AspNetCore.Components.Web": "8.0.6",
          "Microsoft.Extensions.Configuration.Binder": "8.0.1",
          "Microsoft.Extensions.Configuration.Json": "8.0.0",
          "Microsoft.Extensions.Logging": "8.0.0",
          "Microsoft.JSInterop.WebAssembly": "8.0.6"
        }
      },
      "Microsoft.AspNetCore.Components.WebAssembly.Authentication": {
        "type": "Direct",
        "requested": "[8.*, )",
        "resolved": "8.0.6",
        "contentHash": "BSL+kMb+KMLH11cdKPP7SwlwckcRnR6y8E8Xr1IuTxnnuuzkcg+meK4gu54ntsk2bR+QpNJSdaXdqDMT/uCQ9g==",
        "dependencies": {
          "Microsoft.AspNetCore.Components.Authorization": "8.0.6",
          "Microsoft.AspNetCore.Components.Web": "8.0.6"
        }
      },
      "Microsoft.AspNetCore.Components.WebAssembly.DevServer": {
        "type": "Direct",
        "requested": "[8.*, )",
        "resolved": "8.0.6",
        "contentHash": "UX5wp3rK68IOXomFNL/sx1cHpcfX8GGv6hM8r/O8VNHMZWiXl1yd6L4+feVsBtMbUO/Tlm178WAwE73C6TYD6Q=="
      },
      "Microsoft.Authentication.WebAssembly.Msal": {
        "type": "Direct",
        "requested": "[8.*, )",
        "resolved": "8.0.6",
        "contentHash": "GeOvoJA14IZ98g/8KaT4YBG3kIi4d6tojmB4HNW+oyWLTzLpDzWI7KGjbVnOHQnsM93ZQ6mgJ88Bc6aaP3LT8w==",
        "dependencies": {
          "Microsoft.AspNetCore.Components.WebAssembly.Authentication": "8.0.6"
        }
      },
      "Microsoft.Extensions.Http": {
        "type": "Direct",
        "requested": "[8.*, )",
        "resolved": "8.0.0",
        "contentHash": "cWz4caHwvx0emoYe7NkHPxII/KkTI8R/LC9qdqJqnKv2poTJ4e2qqPGQqvRoQ5kaSA4FU5IV3qFAuLuOhoqULQ==",
        "dependencies": {
          "Microsoft.Extensions.Configuration.Abstractions": "8.0.0",
          "Microsoft.Extensions.DependencyInjection.Abstractions": "8.0.0",
          "Microsoft.Extensions.Diagnostics": "8.0.0",
          "Microsoft.Extensions.Logging": "8.0.0",
          "Microsoft.Extensions.Logging.Abstractions": "8.0.0",
          "Microsoft.Extensions.Options": "8.0.0"
        }
      },
      "Microsoft.Graph": {
        "type": "Direct",
        "requested": "[5.*, )",
        "resolved": "5.56.0",
        "contentHash": "HUB0OLHvtohA2+ngnrGfXnwvMWos/3yVibQDoB9HSSgl7kH6bZ1GBElecQsg1nKWX9E0emxhC6DvznzCFneOMw==",
        "dependencies": {
          "Microsoft.Graph.Core": "3.1.12"
        }
      },
      "Microsoft.NET.ILLink.Tasks": {
        "type": "Direct",
        "requested": "[8.0.6, )",
        "resolved": "8.0.6",
        "contentHash": "E+lDylsTeP4ZiDmnEkiJ5wobnGaIJzFhOgZppznJCb69UZgbh6G3cfv1pnLDLLBx6JAgl0kAlnINDeT3uCuczQ=="
      },
      "Microsoft.NET.Sdk.WebAssembly.Pack": {
        "type": "Direct",
        "requested": "[8.0.6, )",
        "resolved": "8.0.6",
        "contentHash": "4X+KpUFx/0feEWcMi4v+QVu8rMbYzHfbUv8nONSeZ4AiVects9F91kbQTL3GWs3mcGtejMtW86DIVE8UbghQlA=="
      },
      "Azure.Core": {
        "type": "Transitive",
        "resolved": "1.39.0",
        "contentHash": "9vaV4ZICtVQp+2wjOKrIAjEjMzBkUohaBbKGqqcTW993MRfHA0N4L1BszQjWynS7lRvlYQLxaFK4wh9ewNm4HQ==",
        "dependencies": {
          "Microsoft.Bcl.AsyncInterfaces": "1.1.1",
          "System.ClientModel": "1.0.0",
          "System.Diagnostics.DiagnosticSource": "6.0.1",
          "System.Memory.Data": "1.0.2",
          "System.Numerics.Vectors": "4.5.0",
          "System.Text.Encodings.Web": "4.7.2",
          "System.Text.Json": "4.7.2",
          "System.Threading.Tasks.Extensions": "4.5.4"
        }
      },
      "Microsoft.AspNetCore.Authorization": {
        "type": "Transitive",
        "resolved": "8.0.6",
        "contentHash": "H1CSbD7UeSPsrJSUpvbms6SqWMa5y8ch4Rw+gyHh2uztOEb20fTP2r0AUnStn1Q9WYghikiDO5wzkgV+n6KC2Q==",
        "dependencies": {
          "Microsoft.AspNetCore.Metadata": "8.0.6",
          "Microsoft.Extensions.Logging.Abstractions": "8.0.1",
          "Microsoft.Extensions.Options": "8.0.2"
        }
      },
      "Microsoft.AspNetCore.Components": {
        "type": "Transitive",
        "resolved": "8.0.6",
        "contentHash": "Je2l+rd5i8gB+ZWsN5wBHOsnyAh81h6+a5vNq6rjfQhM2ZYxH+BVsmanCYa+F8BFy6rmd+ZL61SEiNaAyAOgtg==",
        "dependencies": {
          "Microsoft.AspNetCore.Authorization": "8.0.6",
          "Microsoft.AspNetCore.Components.Analyzers": "8.0.6"
        }
      },
      "Microsoft.AspNetCore.Components.Analyzers": {
        "type": "Transitive",
        "resolved": "8.0.6",
        "contentHash": "SEL0CN1jJdJkCDwRox3kSY1ffMnahlOCDJZYrYWfQ6ftjqRuuiPtwyvI3VIeVHLcpT3VP1AXww8wzKDK3oeFxg=="
      },
      "Microsoft.AspNetCore.Components.Authorization": {
        "type": "Transitive",
        "resolved": "8.0.6",
        "contentHash": "2uNzQDPudD9wARV1Zw92gY+WcNV2zMzDW6wM+4Ax9hMeLfaSJQockQyyxjzt2VL0MOE06S14yknx4ApryMFYqA==",
        "dependencies": {
          "Microsoft.AspNetCore.Authorization": "8.0.6",
          "Microsoft.AspNetCore.Components": "8.0.6"
        }
      },
      "Microsoft.AspNetCore.Components.Forms": {
        "type": "Transitive",
        "resolved": "8.0.6",
        "contentHash": "49wIE1ns3ZGDU4NPMcKCSTC716IxujUeaynsUyflM5Qmb2WlF6M6m4pMcJ6UET1Ixmn027nZjMEc8J7pU4BLBg==",
        "dependencies": {
          "Microsoft.AspNetCore.Components": "8.0.6"
        }
      },
      "Microsoft.AspNetCore.Components.Web": {
        "type": "Transitive",
        "resolved": "8.0.6",
        "contentHash": "xxYlTpcTEWsxaWUscDLN32mM32ysslLFtNQBS6wJOxaKJ9LCvusXDyBVEKL2DPbB8PZdereNvyrVr0deHkuOEw==",
        "dependencies": {
          "Microsoft.AspNetCore.Components": "8.0.6",
          "Microsoft.AspNetCore.Components.Forms": "8.0.6",
          "Microsoft.Extensions.DependencyInjection": "8.0.0",
          "Microsoft.Extensions.Primitives": "8.0.0",
          "Microsoft.JSInterop": "8.0.6",
          "System.IO.Pipelines": "8.0.0"
        }
      },
      "Microsoft.AspNetCore.Metadata": {
        "type": "Transitive",
        "resolved": "8.0.6",
        "contentHash": "3e7S/kz1MGds8zDA8SfQiutqifyVcULs5P/8Bxpes0WIkJRMGkU/l+XlMllj9KrDfCGwHW8bgjRy/zxfoILgfg=="
      },
      "Microsoft.Bcl.AsyncInterfaces": {
        "type": "Transitive",
        "resolved": "1.1.1",
        "contentHash": "yuvf07qFWFqtK3P/MRkEKLhn5r2UbSpVueRziSqj0yJQIKFwG1pq9mOayK3zE5qZCTs0CbrwL9M6R8VwqyGy2w=="
      },
      "Microsoft.Extensions.Configuration": {
        "type": "Transitive",
        "resolved": "8.0.0",
        "contentHash": "0J/9YNXTMWSZP2p2+nvl8p71zpSwokZXZuJW+VjdErkegAnFdO1XlqtA62SJtgVYHdKu3uPxJHcMR/r35HwFBA==",
        "dependencies": {
          "Microsoft.Extensions.Configuration.Abstractions": "8.0.0",
          "Microsoft.Extensions.Primitives": "8.0.0"
        }
      },
      "Microsoft.Extensions.Configuration.Abstractions": {
        "type": "Transitive",
        "resolved": "8.0.0",
        "contentHash": "3lE/iLSutpgX1CC0NOW70FJoGARRHbyKmG7dc0klnUZ9Dd9hS6N/POPWhKhMLCEuNN5nXEY5agmlFtH562vqhQ==",
        "dependencies": {
          "Microsoft.Extensions.Primitives": "8.0.0"
        }
      },
      "Microsoft.Extensions.Configuration.Binder": {
        "type": "Transitive",
        "resolved": "8.0.1",
        "contentHash": "2UKFJnLiBt7Od6nCnTqP9rTIUNhzmn9Hv1l2FchyKbz8xieB9ULwZTbQZMw+M24Qw3F5dzzH1U9PPleN0LNLOQ==",
        "dependencies": {
          "Microsoft.Extensions.Configuration.Abstractions": "8.0.0"
        }
      },
      "Microsoft.Extensions.Configuration.FileExtensions": {
        "type": "Transitive",
        "resolved": "8.0.0",
        "contentHash": "McP+Lz/EKwvtCv48z0YImw+L1gi1gy5rHhNaNIY2CrjloV+XY8gydT8DjMR6zWeL13AFK+DioVpppwAuO1Gi1w==",
        "dependencies": {
          "Microsoft.Extensions.Configuration": "8.0.0",
          "Microsoft.Extensions.Configuration.Abstractions": "8.0.0",
          "Microsoft.Extensions.FileProviders.Abstractions": "8.0.0",
          "Microsoft.Extensions.FileProviders.Physical": "8.0.0",
          "Microsoft.Extensions.Primitives": "8.0.0"
        }
      },
      "Microsoft.Extensions.Configuration.Json": {
        "type": "Transitive",
        "resolved": "8.0.0",
        "contentHash": "C2wqUoh9OmRL1akaCcKSTmRU8z0kckfImG7zLNI8uyi47Lp+zd5LWAD17waPQEqCz3ioWOCrFUo+JJuoeZLOBw==",
        "dependencies": {
          "Microsoft.Extensions.Configuration": "8.0.0",
          "Microsoft.Extensions.Configuration.Abstractions": "8.0.0",
          "Microsoft.Extensions.Configuration.FileExtensions": "8.0.0",
          "Microsoft.Extensions.FileProviders.Abstractions": "8.0.0",
          "System.Text.Json": "8.0.0"
        }
      },
      "Microsoft.Extensions.DependencyInjection": {
        "type": "Transitive",
        "resolved": "8.0.0",
        "contentHash": "V8S3bsm50ig6JSyrbcJJ8bW2b9QLGouz+G1miK3UTaOWmMtFwNNNzUf4AleyDWUmTrWMLNnFSLEQtxmxgNQnNQ==",
        "dependencies": {
          "Microsoft.Extensions.DependencyInjection.Abstractions": "8.0.0"
        }
      },
      "Microsoft.Extensions.DependencyInjection.Abstractions": {
        "type": "Transitive",
        "resolved": "8.0.1",
        "contentHash": "fGLiCRLMYd00JYpClraLjJTNKLmMJPnqxMaiRzEBIIvevlzxz33mXy39Lkd48hu1G+N21S7QpaO5ZzKsI6FRuA=="
      },
      "Microsoft.Extensions.Diagnostics": {
        "type": "Transitive",
        "resolved": "8.0.0",
        "contentHash": "3PZp/YSkIXrF7QK7PfC1bkyRYwqOHpWFad8Qx+4wkuumAeXo1NHaxpS9LboNA9OvNSAu+QOVlXbMyoY+pHSqcw==",
        "dependencies": {
          "Microsoft.Extensions.Configuration": "8.0.0",
          "Microsoft.Extensions.Diagnostics.Abstractions": "8.0.0",
          "Microsoft.Extensions.Options.ConfigurationExtensions": "8.0.0"
        }
      },
      "Microsoft.Extensions.Diagnostics.Abstractions": {
        "type": "Transitive",
        "resolved": "8.0.0",
        "contentHash": "JHYCQG7HmugNYUhOl368g+NMxYE/N/AiclCYRNlgCY9eVyiBkOHMwK4x60RYMxv9EL3+rmj1mqHvdCiPpC+D4Q==",
        "dependencies": {
          "Microsoft.Extensions.DependencyInjection.Abstractions": "8.0.0",
          "Microsoft.Extensions.Options": "8.0.0",
          "System.Diagnostics.DiagnosticSource": "8.0.0"
        }
      },
      "Microsoft.Extensions.FileProviders.Abstractions": {
        "type": "Transitive",
        "resolved": "8.0.0",
        "contentHash": "ZbaMlhJlpisjuWbvXr4LdAst/1XxH3vZ6A0BsgTphZ2L4PGuxRLz7Jr/S7mkAAnOn78Vu0fKhEgNF5JO3zfjqQ==",
        "dependencies": {
          "Microsoft.Extensions.Primitives": "8.0.0"
        }
      },
      "Microsoft.Extensions.FileProviders.Physical": {
        "type": "Transitive",
        "resolved": "8.0.0",
        "contentHash": "UboiXxpPUpwulHvIAVE36Knq0VSHaAmfrFkegLyBZeaADuKezJ/AIXYAW8F5GBlGk/VaibN2k/Zn1ca8YAfVdA==",
        "dependencies": {
          "Microsoft.Extensions.FileProviders.Abstractions": "8.0.0",
          "Microsoft.Extensions.FileSystemGlobbing": "8.0.0",
          "Microsoft.Extensions.Primitives": "8.0.0"
        }
      },
      "Microsoft.Extensions.FileSystemGlobbing": {
        "type": "Transitive",
        "resolved": "8.0.0",
        "contentHash": "OK+670i7esqlQrPjdIKRbsyMCe9g5kSLpRRQGSr4Q58AOYEe/hCnfLZprh7viNisSUUQZmMrbbuDaIrP+V1ebQ=="
      },
      "Microsoft.Extensions.Logging": {
        "type": "Transitive",
        "resolved": "8.0.0",
        "contentHash": "tvRkov9tAJ3xP51LCv3FJ2zINmv1P8Hi8lhhtcKGqM+ImiTCC84uOPEI4z8Cdq2C3o9e+Aa0Gw0rmrsJD77W+w==",
        "dependencies": {
          "Microsoft.Extensions.DependencyInjection": "8.0.0",
          "Microsoft.Extensions.Logging.Abstractions": "8.0.0",
          "Microsoft.Extensions.Options": "8.0.0"
        }
      },
      "Microsoft.Extensions.Logging.Abstractions": {
        "type": "Transitive",
        "resolved": "8.0.1",
        "contentHash": "RIFgaqoaINxkM2KTOw72dmilDmTrYA0ns2KW4lDz4gZ2+o6IQ894CzmdL3StM2oh7QQq44nCWiqKqc4qUI9Jmg==",
        "dependencies": {
          "Microsoft.Extensions.DependencyInjection.Abstractions": "8.0.1"
        }
      },
      "Microsoft.Extensions.Options": {
        "type": "Transitive",
        "resolved": "8.0.2",
        "contentHash": "dWGKvhFybsaZpGmzkGCbNNwBD1rVlWzrZKANLW/CcbFJpCEceMCGzT7zZwHOGBCbwM0SzBuceMj5HN1LKV1QqA==",
        "dependencies": {
          "Microsoft.Extensions.DependencyInjection.Abstractions": "8.0.0",
          "Microsoft.Extensions.Primitives": "8.0.0"
        }
      },
      "Microsoft.Extensions.Options.ConfigurationExtensions": {
        "type": "Transitive",
        "resolved": "8.0.0",
        "contentHash": "0f4DMRqEd50zQh+UyJc+/HiBsZ3vhAQALgdkcQEalSH1L2isdC7Yj54M3cyo5e+BeO5fcBQ7Dxly8XiBBcvRgw==",
        "dependencies": {
          "Microsoft.Extensions.Configuration.Abstractions": "8.0.0",
          "Microsoft.Extensions.Configuration.Binder": "8.0.0",
          "Microsoft.Extensions.DependencyInjection.Abstractions": "8.0.0",
          "Microsoft.Extensions.Options": "8.0.0",
          "Microsoft.Extensions.Primitives": "8.0.0"
        }
      },
      "Microsoft.Extensions.Primitives": {
        "type": "Transitive",
        "resolved": "8.0.0",
        "contentHash": "bXJEZrW9ny8vjMF1JV253WeLhpEVzFo1lyaZu1vQ4ZxWUlVvknZ/+ftFgVheLubb4eZPSwwxBeqS1JkCOjxd8g=="
      },
      "Microsoft.Graph.Core": {
        "type": "Transitive",
        "resolved": "3.1.12",
        "contentHash": "J5o9fwDefrJHwfbp7aI3fs83EC0vFfwJnLaVl8sbylBREXorgK3MvLmA/a6QqUoE7P1Veq7xhHpi5zCBbKc2Bw==",
        "dependencies": {
          "Microsoft.IdentityModel.Protocols.OpenIdConnect": "7.6.0",
          "Microsoft.Kiota.Abstractions": "[1.9.1, 2.0.0)",
          "Microsoft.Kiota.Authentication.Azure": "[1.1.7, 2.0.0)",
          "Microsoft.Kiota.Http.HttpClientLibrary": "[1.4.3, 2.0.0)",
          "Microsoft.Kiota.Serialization.Form": "[1.2.4, 2.0.0)",
          "Microsoft.Kiota.Serialization.Json": "[1.3.3, 2.0.0)",
          "Microsoft.Kiota.Serialization.Multipart": "[1.1.5, 2.0.0)",
          "Microsoft.Kiota.Serialization.Text": "[1.2.2, 2.0.0)"
        }
      },
      "Microsoft.IdentityModel.Abstractions": {
        "type": "Transitive",
        "resolved": "7.6.0",
        "contentHash": "q4MZ8d0LlWKWtQfxNl9ZRZVOQ7IPEAR6CF4rFKITfuqEUOhqrbwHbqBanReI37155IKb8V/tPJqpPa3KXm9wQQ=="
      },
      "Microsoft.IdentityModel.JsonWebTokens": {
        "type": "Transitive",
        "resolved": "7.6.0",
        "contentHash": "lsleZbCuh3wZ3RfKd8WJ7E52nIeQQzJsDrgHN+B3Zhzd32UTQ1V3Vjn1N9PssnSulAoEMF0aAiue7ucX+TPoQA==",
        "dependencies": {
          "Microsoft.IdentityModel.Tokens": "7.6.0"
        }
      },
      "Microsoft.IdentityModel.Logging": {
        "type": "Transitive",
        "resolved": "7.6.0",
        "contentHash": "7AVJhNY4y/i96XGfaXovX8aAyYWz6HHtPEPHPpbg5JCchwVaoO08VmmpHe0L2gVagW/iHG0w4a4Xg9gxLXQ/8A==",
        "dependencies": {
          "Microsoft.IdentityModel.Abstractions": "7.6.0"
        }
      },
      "Microsoft.IdentityModel.Protocols": {
        "type": "Transitive",
        "resolved": "7.6.0",
        "contentHash": "nZn51f3FbaEAabnxrE5/AQ5j3DEsZ/XElaocR2iYb6XdA44bN7wSfhznocP3jT/gXVeed4zsQ3db743ui6bLAw==",
        "dependencies": {
          "Microsoft.IdentityModel.Tokens": "7.6.0"
        }
      },
      "Microsoft.IdentityModel.Protocols.OpenIdConnect": {
        "type": "Transitive",
        "resolved": "7.6.0",
        "contentHash": "zW145CfVSvFJJH6+SB0qlU7VRS4OEHO9s+BioHHYodUhlfATcs7j4lHxUUK2kUKJNcNDg+ivSbQH09zxL4PWAw==",
        "dependencies": {
          "Microsoft.IdentityModel.Protocols": "7.6.0",
          "System.IdentityModel.Tokens.Jwt": "7.6.0"
        }
      },
      "Microsoft.IdentityModel.Tokens": {
        "type": "Transitive",
        "resolved": "7.6.0",
        "contentHash": "xvEil42RUe4Si/TuLDvglNXpklgCWMSecPduczXPS2BAypjheUehPqKLwIy8vSdzB4K2zza3yLgmODBt+J6ZxQ==",
        "dependencies": {
          "Microsoft.IdentityModel.Logging": "7.6.0"
        }
      },
      "Microsoft.JSInterop": {
        "type": "Transitive",
        "resolved": "8.0.6",
        "contentHash": "E1djWS3d41fcd++7sGlbYhOHde5Pb0oBpOcNvUbn+1ga/yCvsjzUfbd/tDRg1qacNKS0iwKWYOIqTZxJnh99dQ=="
      },
      "Microsoft.JSInterop.WebAssembly": {
        "type": "Transitive",
        "resolved": "8.0.6",
        "contentHash": "Ufy/hbi7VNNxSJN62ItkcMS3xFCdLzju2rpgQcQAj70rZoxCh4riNBAAsZvURxmn9Hwlxel/R6CG1B+AKpCrKw==",
        "dependencies": {
          "Microsoft.JSInterop": "8.0.6"
        }
      },
      "Microsoft.Kiota.Abstractions": {
        "type": "Transitive",
        "resolved": "1.9.1",
        "contentHash": "t1E8cTXaOfZJwAy/+GMt/DHmzA+IAsxmW6+z3dMS/ALtaYfmRS2BGjyYODlw5nuK5S7JJmNptZyo5NoFK3CXFQ==",
        "dependencies": {
          "Std.UriTemplate": "0.0.57"
        }
      },
      "Microsoft.Kiota.Authentication.Azure": {
        "type": "Transitive",
        "resolved": "1.1.7",
        "contentHash": "ew/DjKoWPeXI5Dqv+1xsAyee5VY+KSOLo1giLkiO8y66Nv/ld/xnJ34LbJlxB0F0kScwdjzSdqeswy2ms0lSxg==",
        "dependencies": {
          "Azure.Core": "1.39.0",
          "Microsoft.Kiota.Abstractions": "[1.9.1, 2.0.0)"
        }
      },
      "Microsoft.Kiota.Http.HttpClientLibrary": {
        "type": "Transitive",
        "resolved": "1.4.3",
        "contentHash": "axLzUosoRzLoC67RDuzzjSyGaY9Daw7TrCKOmXRosbWSa/Vy7bm1m5OI+pmPcL95EyCq1S9Y2Pmdl/qJQL1SRA==",
        "dependencies": {
          "Microsoft.Kiota.Abstractions": "[1.9.1, 2.0.0)"
        }
      },
      "Microsoft.Kiota.Serialization.Form": {
        "type": "Transitive",
        "resolved": "1.2.4",
        "contentHash": "nYgy/DLpLERVMW7ganslcj0MkLG5o1qwDX5X0fFHimKx8Kf+Xrau56j0nGvSx7ZkRQv5U61NL+LN7ZLytFwaQw==",
        "dependencies": {
          "Microsoft.Kiota.Abstractions": "[1.9.1, 2.0.0)"
        }
      },
      "Microsoft.Kiota.Serialization.Json": {
        "type": "Transitive",
        "resolved": "1.3.3",
        "contentHash": "yO0QxjNdQH77Lk6jNxPWdSj48g03lZ1QCeXy83kKpEEh+ECuZDRecTiFBdtiHMDKJK+h+nYZ8tkNcKstSOnvpA==",
        "dependencies": {
          "Microsoft.Kiota.Abstractions": "[1.9.1, 2.0.0)"
        }
      },
      "Microsoft.Kiota.Serialization.Multipart": {
        "type": "Transitive",
        "resolved": "1.1.5",
        "contentHash": "oe2f6v3z/NemTlGvge6fJIftsx9bHQoAP2XGnp1z7MkDgMO8KRqJh5a1wSIyZZE5QMZedLlevT6zfsPiqNWEtg==",
        "dependencies": {
          "Microsoft.Kiota.Abstractions": "[1.9.1, 2.0.0)"
        }
      },
      "Microsoft.Kiota.Serialization.Text": {
        "type": "Transitive",
        "resolved": "1.2.2",
        "contentHash": "XJG0IpnfxaV2QxEslvDtPa1oPfeJ7H/s9O1EDA7Ox1CTvfUQwLQA60Sj0YsF3V6TzNAvXrjgriOlWc5zIMiebA==",
        "dependencies": {
          "Microsoft.Kiota.Abstractions": "[1.9.1, 2.0.0)"
        }
      },
      "Std.UriTemplate": {
        "type": "Transitive",
        "resolved": "0.0.57",
        "contentHash": "9pKu3V7jhHmZkZNktbBqnCPbZgFpmAjyXyuKRHhnLsXoYTVs0LOcPW9D13nOpwP0DFjvi7hdLC5uMtYX+/yj/Q=="
      },
      "System.ClientModel": {
        "type": "Transitive",
        "resolved": "1.0.0",
        "contentHash": "I3CVkvxeqFYjIVEP59DnjbeoGNfo/+SZrCLpRz2v/g0gpCHaEMPtWSY0s9k/7jR1rAsLNg2z2u1JRB76tPjnIw==",
        "dependencies": {
          "System.Memory.Data": "1.0.2",
          "System.Text.Json": "4.7.2"
        }
      },
      "System.Diagnostics.DiagnosticSource": {
        "type": "Transitive",
        "resolved": "8.0.0",
        "contentHash": "c9xLpVz6PL9lp/djOWtk5KPDZq3cSYpmXoJQY524EOtuFl5z9ZtsotpsyrDW40U1DRnQSYvcPKEUV0X//u6gkQ=="
      },
      "System.IdentityModel.Tokens.Jwt": {
        "type": "Transitive",
        "resolved": "7.6.0",
        "contentHash": "LIuEbv/kFpuw00yI/mPu+T9NAVdH/u7Y5ChCGzYQQeCg9Pft2C7HFWuO/P+Z7c2RcySNjVk1FmuAheKjYIbOkw==",
        "dependencies": {
          "Microsoft.IdentityModel.JsonWebTokens": "7.6.0",
          "Microsoft.IdentityModel.Tokens": "7.6.0"
        }
      },
      "System.IO.Pipelines": {
        "type": "Transitive",
        "resolved": "8.0.0",
        "contentHash": "FHNOatmUq0sqJOkTx+UF/9YK1f180cnW5FVqnQMvYUN0elp6wFzbtPSiqbo1/ru8ICp43JM1i7kKkk6GsNGHlA=="
      },
      "System.Memory.Data": {
        "type": "Transitive",
        "resolved": "1.0.2",
        "contentHash": "JGkzeqgBsiZwKJZ1IxPNsDFZDhUvuEdX8L8BDC8N3KOj+6zMcNU28CNN59TpZE/VJYy9cP+5M+sbxtWJx3/xtw==",
        "dependencies": {
          "System.Text.Encodings.Web": "4.7.2",
          "System.Text.Json": "4.6.0"
        }
      },
      "System.Numerics.Vectors": {
        "type": "Transitive",
        "resolved": "4.5.0",
        "contentHash": "QQTlPTl06J/iiDbJCiepZ4H//BVraReU4O4EoRw1U02H5TLUIT7xn3GnDp9AXPSlJUDyFs4uWjWafNX6WrAojQ=="
      },
      "System.Text.Encodings.Web": {
        "type": "Transitive",
        "resolved": "8.0.0",
        "contentHash": "yev/k9GHAEGx2Rg3/tU6MQh4HGBXJs70y7j1LaM1i/ER9po+6nnQ6RRqTJn1E7Xu0fbIFK80Nh5EoODxrbxwBQ=="
      },
      "System.Text.Json": {
        "type": "Transitive",
        "resolved": "8.0.0",
        "contentHash": "OdrZO2WjkiEG6ajEFRABTRCi/wuXQPxeV6g8xvUJqdxMvvuCCEk86zPla8UiIQJz3durtUEbNyY/3lIhS0yZvQ==",
        "dependencies": {
          "System.Text.Encodings.Web": "8.0.0"
        }
      },
      "System.Threading.Tasks.Extensions": {
        "type": "Transitive",
        "resolved": "4.5.4",
        "contentHash": "zteT+G8xuGu6mS+mzDzYXbzS7rd3K6Fjb9RiZlYlJPam2/hU7JCBZBVEcywNuR+oZ1ncTvc/cq0faRr3P01OVg=="
      }
    },
    "net8.0/browser-wasm": {
      "System.Text.Encodings.Web": {
        "type": "Transitive",
        "resolved": "8.0.0",
        "contentHash": "yev/k9GHAEGx2Rg3/tU6MQh4HGBXJs70y7j1LaM1i/ER9po+6nnQ6RRqTJn1E7Xu0fbIFK80Nh5EoODxrbxwBQ=="
      }
    }
  }
}